// !$*UTF8*$!
{
	archiveVersion = 1;
	classes = {
	};
	objectVersion = 46;
	objects = {

/* Begin PBXBuildFile section */
		1EA2A513178AE635003F796C /* UIKit.framework in Frameworks */ = {isa = PBXBuildFile; fileRef = 1EA2A512178AE635003F796C /* UIKit.framework */; };
		1EA2A515178AE635003F796C /* Foundation.framework in Frameworks */ = {isa = PBXBuildFile; fileRef = 1EA2A514178AE635003F796C /* Foundation.framework */; };
		1EA2A517178AE635003F796C /* CoreGraphics.framework in Frameworks */ = {isa = PBXBuildFile; fileRef = 1EA2A516178AE635003F796C /* CoreGraphics.framework */; };
		1EA2A51D178AE635003F796C /* InfoPlist.strings in Resources */ = {isa = PBXBuildFile; fileRef = 1EA2A51B178AE635003F796C /* InfoPlist.strings */; };
		1EA2A51F178AE635003F796C /* main.m in Sources */ = {isa = PBXBuildFile; fileRef = 1EA2A51E178AE635003F796C /* main.m */; };
		1EA2A523178AE635003F796C /* AppDelegate.m in Sources */ = {isa = PBXBuildFile; fileRef = 1EA2A522178AE635003F796C /* AppDelegate.m */; };
		1EA2A525178AE635003F796C /* Default.png in Resources */ = {isa = PBXBuildFile; fileRef = 1EA2A524178AE635003F796C /* Default.png */; };
		1EA2A527178AE635003F796C /* Default@2x.png in Resources */ = {isa = PBXBuildFile; fileRef = 1EA2A526178AE635003F796C /* Default@2x.png */; };
		1EA2A529178AE635003F796C /* Default-568h@2x.png in Resources */ = {isa = PBXBuildFile; fileRef = 1EA2A528178AE635003F796C /* Default-568h@2x.png */; };
		1EE8DBE9178AE68300851304 /* Canvas.mm in Sources */ = {isa = PBXBuildFile; fileRef = 1EE8DB94178AE68300851304 /* Canvas.mm */; };
		1EE8DBEA178AE68300851304 /* Graphics.mm in Sources */ = {isa = PBXBuildFile; fileRef = 1EE8DB96178AE68300851304 /* Graphics.mm */; };
		1EE8DBEB178AE68300851304 /* HspView.mm in Sources */ = {isa = PBXBuildFile; fileRef = 1EE8DB98178AE68300851304 /* HspView.mm */; };
		1EE8DBEC178AE68300851304 /* HspViewController.mm in Sources */ = {isa = PBXBuildFile; fileRef = 1EE8DB9A178AE68300851304 /* HspViewController.mm */; };
		1EE8DBED178AE68300851304 /* Image.mm in Sources */ = {isa = PBXBuildFile; fileRef = 1EE8DB9C178AE68300851304 /* Image.mm */; };
		1EE8DBEE178AE68300851304 /* iOSBridge.mm in Sources */ = {isa = PBXBuildFile; fileRef = 1EE8DB9E178AE68300851304 /* iOSBridge.mm */; };
		1EE8DBEF178AE68300851304 /* dpmread.cpp in Sources */ = {isa = PBXBuildFile; fileRef = 1EE8DBA0178AE68300851304 /* dpmread.cpp */; };
		1EE8DBF0178AE68300851304 /* geometry.cpp in Sources */ = {isa = PBXBuildFile; fileRef = 1EE8DBA2178AE68300851304 /* geometry.cpp */; };
		1EE8DBF1178AE68300851304 /* hgdx.cpp in Sources */ = {isa = PBXBuildFile; fileRef = 1EE8DBA4178AE68300851304 /* hgdx.cpp */; };
		1EE8DBF2178AE68300851304 /* hgemitter.cpp in Sources */ = {isa = PBXBuildFile; fileRef = 1EE8DBA6178AE68300851304 /* hgemitter.cpp */; };
		1EE8DBF3178AE68300851304 /* hgevent.cpp in Sources */ = {isa = PBXBuildFile; fileRef = 1EE8DBA8178AE68300851304 /* hgevent.cpp */; };
		1EE8DBF4178AE68300851304 /* hgmodel.cpp in Sources */ = {isa = PBXBuildFile; fileRef = 1EE8DBAD178AE68300851304 /* hgmodel.cpp */; };
		1EE8DBF5178AE68300851304 /* hgobj.cpp in Sources */ = {isa = PBXBuildFile; fileRef = 1EE8DBAF178AE68300851304 /* hgobj.cpp */; };
		1EE8DBF6178AE68300851304 /* hsp3debug.cpp in Sources */ = {isa = PBXBuildFile; fileRef = 1EE8DBB3178AE68300851304 /* hsp3debug.cpp */; };
		1EE8DBF7178AE68300851304 /* hsp3gr_dish.cpp in Sources */ = {isa = PBXBuildFile; fileRef = 1EE8DBB7178AE68300851304 /* hsp3gr_dish.cpp */; };
		1EE8DBF8178AE68300851304 /* hsp3int.cpp in Sources */ = {isa = PBXBuildFile; fileRef = 1EE8DBB9178AE68300851304 /* hsp3int.cpp */; };
		1EE8DBF9178AE68300851304 /* hspvar_core.cpp in Sources */ = {isa = PBXBuildFile; fileRef = 1EE8DBBC178AE68300851304 /* hspvar_core.cpp */; };
		1EE8DBFA178AE68300851304 /* hspvar_double.cpp in Sources */ = {isa = PBXBuildFile; fileRef = 1EE8DBBE178AE68300851304 /* hspvar_double.cpp */; };
		1EE8DBFB178AE68300851304 /* hspvar_int.cpp in Sources */ = {isa = PBXBuildFile; fileRef = 1EE8DBBF178AE68300851304 /* hspvar_int.cpp */; };
		1EE8DBFC178AE68300851304 /* hspvar_label.cpp in Sources */ = {isa = PBXBuildFile; fileRef = 1EE8DBC0178AE68300851304 /* hspvar_label.cpp */; };
		1EE8DBFD178AE68300851304 /* hspvar_str.cpp in Sources */ = {isa = PBXBuildFile; fileRef = 1EE8DBC2178AE68300851304 /* hspvar_str.cpp */; };
		1EE8DBFE178AE68300851304 /* hspvar_struct.cpp in Sources */ = {isa = PBXBuildFile; fileRef = 1EE8DBC3178AE68300851304 /* hspvar_struct.cpp */; };
		1EE8DBFF178AE68300851304 /* hspwnd_dish.cpp in Sources */ = {isa = PBXBuildFile; fileRef = 1EE8DBC5178AE68300851304 /* hspwnd_dish.cpp */; };
		1EE8DC00178AE68300851304 /* hspwnd_obj.cpp in Sources */ = {isa = PBXBuildFile; fileRef = 1EE8DBC7178AE68300851304 /* hspwnd_obj.cpp */; };
		1EE8DC01178AE68300851304 /* hgiox.cpp in Sources */ = {isa = PBXBuildFile; fileRef = 1EE8DBCA178AE68300851304 /* hgiox.cpp */; };
		1EE8DC02178AE68300851304 /* hsp3ext_ios.cpp in Sources */ = {isa = PBXBuildFile; fileRef = 1EE8DBCC178AE68300851304 /* hsp3ext_ios.cpp */; };
		1EE8DC03178AE68300851304 /* mmman.mm in Sources */ = {isa = PBXBuildFile; fileRef = 1EE8DBCF178AE68300851304 /* mmman.mm */; };
		1EE8DC04178AE68300851304 /* stb_image.c in Sources */ = {isa = PBXBuildFile; fileRef = 1EE8DBD0178AE68300851304 /* stb_image.c */; };
		1EE8DC05178AE68300851304 /* supio_ios.cpp in Sources */ = {isa = PBXBuildFile; fileRef = 1EE8DBD2178AE68300851304 /* supio_ios.cpp */; };
		1EE8DC06178AE68300851304 /* random.cpp in Sources */ = {isa = PBXBuildFile; fileRef = 1EE8DBD4178AE68300851304 /* random.cpp */; };
		1EE8DC07178AE68300851304 /* stack.cpp in Sources */ = {isa = PBXBuildFile; fileRef = 1EE8DBD6178AE68300851304 /* stack.cpp */; };
		1EE8DC08178AE68300851304 /* strbuf.cpp in Sources */ = {isa = PBXBuildFile; fileRef = 1EE8DBD8178AE68300851304 /* strbuf.cpp */; };
		1EE8DC09178AE68300851304 /* strnote.cpp in Sources */ = {isa = PBXBuildFile; fileRef = 1EE8DBDA178AE68300851304 /* strnote.cpp */; };
		1EE8DC0A178AE68300851304 /* sysreq.cpp in Sources */ = {isa = PBXBuildFile; fileRef = 1EE8DBDD178AE68300851304 /* sysreq.cpp */; };
		1EE8DC0B178AE68300851304 /* hsp3code.cpp in Sources */ = {isa = PBXBuildFile; fileRef = 1EE8DBE0178AE68300851304 /* hsp3code.cpp */; };
		1EE8DC0C178AE68300851304 /* hsp3embed.cpp in Sources */ = {isa = PBXBuildFile; fileRef = 1EE8DBE1178AE68300851304 /* hsp3embed.cpp */; };
		1EE8DC0D178AE68300851304 /* hsp3r.cpp in Sources */ = {isa = PBXBuildFile; fileRef = 1EE8DBE3178AE68300851304 /* hsp3r.cpp */; };
		1EE8DC0E178AE68300851304 /* hspvar_util.cpp in Sources */ = {isa = PBXBuildFile; fileRef = 1EE8DBE5178AE68300851304 /* hspvar_util.cpp */; };
		1EE8DC0F178AE68300851304 /* misc.mm in Sources */ = {isa = PBXBuildFile; fileRef = 1EE8DBE8178AE68300851304 /* misc.mm */; };
		1EE8DC15178AE6A800851304 /* AudioToolbox.framework in Frameworks */ = {isa = PBXBuildFile; fileRef = 1EE8DC10178AE6A800851304 /* AudioToolbox.framework */; };
		1EE8DC16178AE6A800851304 /* iAd.framework in Frameworks */ = {isa = PBXBuildFile; fileRef = 1EE8DC11178AE6A800851304 /* iAd.framework */; };
		1EE8DC17178AE6A800851304 /* OpenAL.framework in Frameworks */ = {isa = PBXBuildFile; fileRef = 1EE8DC12178AE6A800851304 /* OpenAL.framework */; };
		1EE8DC18178AE6A800851304 /* OpenGLES.framework in Frameworks */ = {isa = PBXBuildFile; fileRef = 1EE8DC13178AE6A800851304 /* OpenGLES.framework */; };
		1EE8DC19178AE6A800851304 /* QuartzCore.framework in Frameworks */ = {isa = PBXBuildFile; fileRef = 1EE8DC14178AE6A800851304 /* QuartzCore.framework */; };
		1EE8DC1B178AE6D500851304 /* gcube.cpp in Sources */ = {isa = PBXBuildFile; fileRef = 1EE8DC1A178AE6D500851304 /* gcube.cpp */; };
		1EE8DC1E178AE6DC00851304 /* Icon.png in Resources */ = {isa = PBXBuildFile; fileRef = 1EE8DC1D178AE6DC00851304 /* Icon.png */; };
/* End PBXBuildFile section */

/* Begin PBXFileReference section */
		1EA2A50F178AE634003F796C /* gcube.app */ = {isa = PBXFileReference; explicitFileType = wrapper.application; includeInIndex = 0; path = gcube.app; sourceTree = BUILT_PRODUCTS_DIR; };
		1EA2A512178AE635003F796C /* UIKit.framework */ = {isa = PBXFileReference; lastKnownFileType = wrapper.framework; name = UIKit.framework; path = System/Library/Frameworks/UIKit.framework; sourceTree = SDKROOT; };
		1EA2A514178AE635003F796C /* Foundation.framework */ = {isa = PBXFileReference; lastKnownFileType = wrapper.framework; name = Foundation.framework; path = System/Library/Frameworks/Foundation.framework; sourceTree = SDKROOT; };
		1EA2A516178AE635003F796C /* CoreGraphics.framework */ = {isa = PBXFileReference; lastKnownFileType = wrapper.framework; name = CoreGraphics.framework; path = System/Library/Frameworks/CoreGraphics.framework; sourceTree = SDKROOT; };
		1EA2A51A178AE635003F796C /* gcube-Info.plist */ = {isa = PBXFileReference; lastKnownFileType = text.plist.xml; path = "gcube-Info.plist"; sourceTree = "<group>"; };
		1EA2A51C178AE635003F796C /* en */ = {isa = PBXFileReference; lastKnownFileType = text.plist.strings; name = en; path = en.lproj/InfoPlist.strings; sourceTree = "<group>"; };
		1EA2A51E178AE635003F796C /* main.m */ = {isa = PBXFileReference; lastKnownFileType = sourcecode.c.objc; path = main.m; sourceTree = "<group>"; };
		1EA2A520178AE635003F796C /* gcube-Prefix.pch */ = {isa = PBXFileReference; lastKnownFileType = sourcecode.c.h; path = "gcube-Prefix.pch"; sourceTree = "<group>"; };
		1EA2A521178AE635003F796C /* AppDelegate.h */ = {isa = PBXFileReference; lastKnownFileType = sourcecode.c.h; path = AppDelegate.h; sourceTree = "<group>"; };
		1EA2A522178AE635003F796C /* AppDelegate.m */ = {isa = PBXFileReference; lastKnownFileType = sourcecode.c.objc; path = AppDelegate.m; sourceTree = "<group>"; };
		1EA2A524178AE635003F796C /* Default.png */ = {isa = PBXFileReference; lastKnownFileType = image.png; path = Default.png; sourceTree = "<group>"; };
		1EA2A526178AE635003F796C /* Default@2x.png */ = {isa = PBXFileReference; lastKnownFileType = image.png; path = "Default@2x.png"; sourceTree = "<group>"; };
		1EA2A528178AE635003F796C /* Default-568h@2x.png */ = {isa = PBXFileReference; lastKnownFileType = image.png; path = "Default-568h@2x.png"; sourceTree = "<group>"; };
		1EE8DB93178AE68300851304 /* Canvas.h */ = {isa = PBXFileReference; fileEncoding = 4; lastKnownFileType = sourcecode.c.h; path = Canvas.h; sourceTree = "<group>"; };
		1EE8DB94178AE68300851304 /* Canvas.mm */ = {isa = PBXFileReference; fileEncoding = 4; lastKnownFileType = sourcecode.cpp.objcpp; path = Canvas.mm; sourceTree = "<group>"; };
		1EE8DB95178AE68300851304 /* Graphics.h */ = {isa = PBXFileReference; fileEncoding = 4; lastKnownFileType = sourcecode.c.h; path = Graphics.h; sourceTree = "<group>"; };
		1EE8DB96178AE68300851304 /* Graphics.mm */ = {isa = PBXFileReference; fileEncoding = 4; lastKnownFileType = sourcecode.cpp.objcpp; path = Graphics.mm; sourceTree = "<group>"; };
		1EE8DB97178AE68300851304 /* HspView.h */ = {isa = PBXFileReference; fileEncoding = 4; lastKnownFileType = sourcecode.c.h; path = HspView.h; sourceTree = "<group>"; };
		1EE8DB98178AE68300851304 /* HspView.mm */ = {isa = PBXFileReference; fileEncoding = 4; lastKnownFileType = sourcecode.cpp.objcpp; path = HspView.mm; sourceTree = "<group>"; };
		1EE8DB99178AE68300851304 /* HspViewController.h */ = {isa = PBXFileReference; fileEncoding = 4; lastKnownFileType = sourcecode.c.h; path = HspViewController.h; sourceTree = "<group>"; };
		1EE8DB9A178AE68300851304 /* HspViewController.mm */ = {isa = PBXFileReference; fileEncoding = 4; lastKnownFileType = sourcecode.cpp.objcpp; path = HspViewController.mm; sourceTree = "<group>"; };
		1EE8DB9B178AE68300851304 /* Image.h */ = {isa = PBXFileReference; fileEncoding = 4; lastKnownFileType = sourcecode.c.h; path = Image.h; sourceTree = "<group>"; };
		1EE8DB9C178AE68300851304 /* Image.mm */ = {isa = PBXFileReference; fileEncoding = 4; lastKnownFileType = sourcecode.cpp.objcpp; path = Image.mm; sourceTree = "<group>"; };
		1EE8DB9D178AE68300851304 /* iOSBridge.h */ = {isa = PBXFileReference; fileEncoding = 4; lastKnownFileType = sourcecode.c.h; path = iOSBridge.h; sourceTree = "<group>"; };
		1EE8DB9E178AE68300851304 /* iOSBridge.mm */ = {isa = PBXFileReference; fileEncoding = 4; lastKnownFileType = sourcecode.cpp.objcpp; path = iOSBridge.mm; sourceTree = "<group>"; };
		1EE8DBA0178AE68300851304 /* dpmread.cpp */ = {isa = PBXFileReference; fileEncoding = 4; lastKnownFileType = sourcecode.cpp.cpp; path = dpmread.cpp; sourceTree = "<group>"; };
		1EE8DBA1178AE68300851304 /* dpmread.h */ = {isa = PBXFileReference; fileEncoding = 4; lastKnownFileType = sourcecode.c.h; path = dpmread.h; sourceTree = "<group>"; };
		1EE8DBA2178AE68300851304 /* geometry.cpp */ = {isa = PBXFileReference; fileEncoding = 4; lastKnownFileType = sourcecode.cpp.cpp; path = geometry.cpp; sourceTree = "<group>"; };
		1EE8DBA3178AE68300851304 /* geometry.h */ = {isa = PBXFileReference; fileEncoding = 4; lastKnownFileType = sourcecode.c.h; path = geometry.h; sourceTree = "<group>"; };
		1EE8DBA4178AE68300851304 /* hgdx.cpp */ = {isa = PBXFileReference; fileEncoding = 4; lastKnownFileType = sourcecode.cpp.cpp; path = hgdx.cpp; sourceTree = "<group>"; };
		1EE8DBA5178AE68300851304 /* hgdx.h */ = {isa = PBXFileReference; fileEncoding = 4; lastKnownFileType = sourcecode.c.h; path = hgdx.h; sourceTree = "<group>"; };
		1EE8DBA6178AE68300851304 /* hgemitter.cpp */ = {isa = PBXFileReference; fileEncoding = 4; lastKnownFileType = sourcecode.cpp.cpp; path = hgemitter.cpp; sourceTree = "<group>"; };
		1EE8DBA7178AE68300851304 /* hgemitter.h */ = {isa = PBXFileReference; fileEncoding = 4; lastKnownFileType = sourcecode.c.h; path = hgemitter.h; sourceTree = "<group>"; };
		1EE8DBA8178AE68300851304 /* hgevent.cpp */ = {isa = PBXFileReference; fileEncoding = 4; lastKnownFileType = sourcecode.cpp.cpp; path = hgevent.cpp; sourceTree = "<group>"; };
		1EE8DBA9178AE68300851304 /* hgevent.h */ = {isa = PBXFileReference; fileEncoding = 4; lastKnownFileType = sourcecode.c.h; path = hgevent.h; sourceTree = "<group>"; };
		1EE8DBAA178AE68300851304 /* hginc.h */ = {isa = PBXFileReference; fileEncoding = 4; lastKnownFileType = sourcecode.c.h; path = hginc.h; sourceTree = "<group>"; };
		1EE8DBAB178AE68300851304 /* hgio.h */ = {isa = PBXFileReference; fileEncoding = 4; lastKnownFileType = sourcecode.c.h; path = hgio.h; sourceTree = "<group>"; };
		1EE8DBAC178AE68300851304 /* hgio_dg.h */ = {isa = PBXFileReference; fileEncoding = 4; lastKnownFileType = sourcecode.c.h; path = hgio_dg.h; sourceTree = "<group>"; };
		1EE8DBAD178AE68300851304 /* hgmodel.cpp */ = {isa = PBXFileReference; fileEncoding = 4; lastKnownFileType = sourcecode.cpp.cpp; path = hgmodel.cpp; sourceTree = "<group>"; };
		1EE8DBAE178AE68300851304 /* hgmodel.h */ = {isa = PBXFileReference; fileEncoding = 4; lastKnownFileType = sourcecode.c.h; path = hgmodel.h; sourceTree = "<group>"; };
		1EE8DBAF178AE68300851304 /* hgobj.cpp */ = {isa = PBXFileReference; fileEncoding = 4; lastKnownFileType = sourcecode.cpp.cpp; path = hgobj.cpp; sourceTree = "<group>"; };
		1EE8DBB0178AE68300851304 /* hgobj.h */ = {isa = PBXFileReference; fileEncoding = 4; lastKnownFileType = sourcecode.c.h; path = hgobj.h; sourceTree = "<group>"; };
		1EE8DBB1178AE68300851304 /* hsp3code.h */ = {isa = PBXFileReference; fileEncoding = 4; lastKnownFileType = sourcecode.c.h; path = hsp3code.h; sourceTree = "<group>"; };
		1EE8DBB2178AE68300851304 /* hsp3config.h */ = {isa = PBXFileReference; fileEncoding = 4; lastKnownFileType = sourcecode.c.h; path = hsp3config.h; sourceTree = "<group>"; };
		1EE8DBB3178AE68300851304 /* hsp3debug.cpp */ = {isa = PBXFileReference; fileEncoding = 4; lastKnownFileType = sourcecode.cpp.cpp; path = hsp3debug.cpp; sourceTree = "<group>"; };
		1EE8DBB4178AE68300851304 /* hsp3debug.h */ = {isa = PBXFileReference; fileEncoding = 4; lastKnownFileType = sourcecode.c.h; path = hsp3debug.h; sourceTree = "<group>"; };
		1EE8DBB5178AE68300851304 /* hsp3ext.h */ = {isa = PBXFileReference; fileEncoding = 4; lastKnownFileType = sourcecode.c.h; path = hsp3ext.h; sourceTree = "<group>"; };
		1EE8DBB6178AE68300851304 /* hsp3gr.h */ = {isa = PBXFileReference; fileEncoding = 4; lastKnownFileType = sourcecode.c.h; path = hsp3gr.h; sourceTree = "<group>"; };
		1EE8DBB7178AE68300851304 /* hsp3gr_dish.cpp */ = {isa = PBXFileReference; fileEncoding = 4; lastKnownFileType = sourcecode.cpp.cpp; path = hsp3gr_dish.cpp; sourceTree = "<group>"; };
		1EE8DBB8178AE68300851304 /* hsp3gr_dish.h */ = {isa = PBXFileReference; fileEncoding = 4; lastKnownFileType = sourcecode.c.h; path = hsp3gr_dish.h; sourceTree = "<group>"; };
		1EE8DBB9178AE68300851304 /* hsp3int.cpp */ = {isa = PBXFileReference; fileEncoding = 4; lastKnownFileType = sourcecode.cpp.cpp; path = hsp3int.cpp; sourceTree = "<group>"; };
		1EE8DBBA178AE68300851304 /* hsp3int.h */ = {isa = PBXFileReference; fileEncoding = 4; lastKnownFileType = sourcecode.c.h; path = hsp3int.h; sourceTree = "<group>"; };
		1EE8DBBB178AE68300851304 /* hsp3struct.h */ = {isa = PBXFileReference; fileEncoding = 4; lastKnownFileType = sourcecode.c.h; path = hsp3struct.h; sourceTree = "<group>"; };
		1EE8DBBC178AE68300851304 /* hspvar_core.cpp */ = {isa = PBXFileReference; fileEncoding = 4; lastKnownFileType = sourcecode.cpp.cpp; path = hspvar_core.cpp; sourceTree = "<group>"; };
		1EE8DBBD178AE68300851304 /* hspvar_core.h */ = {isa = PBXFileReference; fileEncoding = 4; lastKnownFileType = sourcecode.c.h; path = hspvar_core.h; sourceTree = "<group>"; };
		1EE8DBBE178AE68300851304 /* hspvar_double.cpp */ = {isa = PBXFileReference; fileEncoding = 4; lastKnownFileType = sourcecode.cpp.cpp; path = hspvar_double.cpp; sourceTree = "<group>"; };
		1EE8DBBF178AE68300851304 /* hspvar_int.cpp */ = {isa = PBXFileReference; fileEncoding = 4; lastKnownFileType = sourcecode.cpp.cpp; path = hspvar_int.cpp; sourceTree = "<group>"; };
		1EE8DBC0178AE68300851304 /* hspvar_label.cpp */ = {isa = PBXFileReference; fileEncoding = 4; lastKnownFileType = sourcecode.cpp.cpp; path = hspvar_label.cpp; sourceTree = "<group>"; };
		1EE8DBC1178AE68300851304 /* hspvar_label.h */ = {isa = PBXFileReference; fileEncoding = 4; lastKnownFileType = sourcecode.c.h; path = hspvar_label.h; sourceTree = "<group>"; };
		1EE8DBC2178AE68300851304 /* hspvar_str.cpp */ = {isa = PBXFileReference; fileEncoding = 4; lastKnownFileType = sourcecode.cpp.cpp; path = hspvar_str.cpp; sourceTree = "<group>"; };
		1EE8DBC3178AE68300851304 /* hspvar_struct.cpp */ = {isa = PBXFileReference; fileEncoding = 4; lastKnownFileType = sourcecode.cpp.cpp; path = hspvar_struct.cpp; sourceTree = "<group>"; };
		1EE8DBC4178AE68300851304 /* hspwnd.h */ = {isa = PBXFileReference; fileEncoding = 4; lastKnownFileType = sourcecode.c.h; path = hspwnd.h; sourceTree = "<group>"; };
		1EE8DBC5178AE68300851304 /* hspwnd_dish.cpp */ = {isa = PBXFileReference; fileEncoding = 4; lastKnownFileType = sourcecode.cpp.cpp; path = hspwnd_dish.cpp; sourceTree = "<group>"; };
		1EE8DBC6178AE68300851304 /* hspwnd_dish.h */ = {isa = PBXFileReference; fileEncoding = 4; lastKnownFileType = sourcecode.c.h; path = hspwnd_dish.h; sourceTree = "<group>"; };
		1EE8DBC7178AE68300851304 /* hspwnd_obj.cpp */ = {isa = PBXFileReference; fileEncoding = 4; lastKnownFileType = sourcecode.cpp.cpp; path = hspwnd_obj.cpp; sourceTree = "<group>"; };
		1EE8DBC9178AE68300851304 /* appengine.h */ = {isa = PBXFileReference; fileEncoding = 4; lastKnownFileType = sourcecode.c.h; path = appengine.h; sourceTree = "<group>"; };
		1EE8DBCA178AE68300851304 /* hgiox.cpp */ = {isa = PBXFileReference; fileEncoding = 4; lastKnownFileType = sourcecode.cpp.cpp; path = hgiox.cpp; sourceTree = "<group>"; };
		1EE8DBCB178AE68300851304 /* hgiox.h */ = {isa = PBXFileReference; fileEncoding = 4; lastKnownFileType = sourcecode.c.h; path = hgiox.h; sourceTree = "<group>"; };
		1EE8DBCC178AE68300851304 /* hsp3ext_ios.cpp */ = {isa = PBXFileReference; fileEncoding = 4; lastKnownFileType = sourcecode.cpp.cpp; path = hsp3ext_ios.cpp; sourceTree = "<group>"; };
		1EE8DBCD178AE68300851304 /* hsp3ext_ios.h */ = {isa = PBXFileReference; fileEncoding = 4; lastKnownFileType = sourcecode.c.h; path = hsp3ext_ios.h; sourceTree = "<group>"; };
		1EE8DBCE178AE68300851304 /* mmman.h */ = {isa = PBXFileReference; fileEncoding = 4; lastKnownFileType = sourcecode.c.h; path = mmman.h; sourceTree = "<group>"; };
		1EE8DBCF178AE68300851304 /* mmman.mm */ = {isa = PBXFileReference; fileEncoding = 4; lastKnownFileType = sourcecode.cpp.objcpp; path = mmman.mm; sourceTree = "<group>"; };
		1EE8DBD0178AE68300851304 /* stb_image.c */ = {isa = PBXFileReference; fileEncoding = 4; lastKnownFileType = sourcecode.c.c; path = stb_image.c; sourceTree = "<group>"; };
		1EE8DBD1178AE68300851304 /* stb_image.h */ = {isa = PBXFileReference; fileEncoding = 4; lastKnownFileType = sourcecode.c.h; path = stb_image.h; sourceTree = "<group>"; };
		1EE8DBD2178AE68300851304 /* supio_ios.cpp */ = {isa = PBXFileReference; fileEncoding = 4; lastKnownFileType = sourcecode.cpp.cpp; path = supio_ios.cpp; sourceTree = "<group>"; };
		1EE8DBD3178AE68300851304 /* supio_ios.h */ = {isa = PBXFileReference; fileEncoding = 4; lastKnownFileType = sourcecode.c.h; path = supio_ios.h; sourceTree = "<group>"; };
		1EE8DBD4178AE68300851304 /* random.cpp */ = {isa = PBXFileReference; fileEncoding = 4; lastKnownFileType = sourcecode.cpp.cpp; path = random.cpp; sourceTree = "<group>"; };
		1EE8DBD5178AE68300851304 /* random.h */ = {isa = PBXFileReference; fileEncoding = 4; lastKnownFileType = sourcecode.c.h; path = random.h; sourceTree = "<group>"; };
		1EE8DBD6178AE68300851304 /* stack.cpp */ = {isa = PBXFileReference; fileEncoding = 4; lastKnownFileType = sourcecode.cpp.cpp; path = stack.cpp; sourceTree = "<group>"; };
		1EE8DBD7178AE68300851304 /* stack.h */ = {isa = PBXFileReference; fileEncoding = 4; lastKnownFileType = sourcecode.c.h; path = stack.h; sourceTree = "<group>"; };
		1EE8DBD8178AE68300851304 /* strbuf.cpp */ = {isa = PBXFileReference; fileEncoding = 4; lastKnownFileType = sourcecode.cpp.cpp; path = strbuf.cpp; sourceTree = "<group>"; };
		1EE8DBD9178AE68300851304 /* strbuf.h */ = {isa = PBXFileReference; fileEncoding = 4; lastKnownFileType = sourcecode.c.h; path = strbuf.h; sourceTree = "<group>"; };
		1EE8DBDA178AE68300851304 /* strnote.cpp */ = {isa = PBXFileReference; fileEncoding = 4; lastKnownFileType = sourcecode.cpp.cpp; path = strnote.cpp; sourceTree = "<group>"; };
		1EE8DBDB178AE68300851304 /* strnote.h */ = {isa = PBXFileReference; fileEncoding = 4; lastKnownFileType = sourcecode.c.h; path = strnote.h; sourceTree = "<group>"; };
		1EE8DBDC178AE68300851304 /* supio.h */ = {isa = PBXFileReference; fileEncoding = 4; lastKnownFileType = sourcecode.c.h; path = supio.h; sourceTree = "<group>"; };
		1EE8DBDD178AE68300851304 /* sysreq.cpp */ = {isa = PBXFileReference; fileEncoding = 4; lastKnownFileType = sourcecode.cpp.cpp; path = sysreq.cpp; sourceTree = "<group>"; };
		1EE8DBDE178AE68300851304 /* sysreq.h */ = {isa = PBXFileReference; fileEncoding = 4; lastKnownFileType = sourcecode.c.h; path = sysreq.h; sourceTree = "<group>"; };
		1EE8DBE0178AE68300851304 /* hsp3code.cpp */ = {isa = PBXFileReference; fileEncoding = 4; lastKnownFileType = sourcecode.cpp.cpp; path = hsp3code.cpp; sourceTree = "<group>"; };
		1EE8DBE1178AE68300851304 /* hsp3embed.cpp */ = {isa = PBXFileReference; fileEncoding = 4; lastKnownFileType = sourcecode.cpp.cpp; path = hsp3embed.cpp; sourceTree = "<group>"; };
		1EE8DBE2178AE68300851304 /* hsp3embed.h */ = {isa = PBXFileReference; fileEncoding = 4; lastKnownFileType = sourcecode.c.h; path = hsp3embed.h; sourceTree = "<group>"; };
		1EE8DBE3178AE68300851304 /* hsp3r.cpp */ = {isa = PBXFileReference; fileEncoding = 4; lastKnownFileType = sourcecode.cpp.cpp; path = hsp3r.cpp; sourceTree = "<group>"; };
		1EE8DBE4178AE68300851304 /* hsp3r.h */ = {isa = PBXFileReference; fileEncoding = 4; lastKnownFileType = sourcecode.c.h; path = hsp3r.h; sourceTree = "<group>"; };
		1EE8DBE5178AE68300851304 /* hspvar_util.cpp */ = {isa = PBXFileReference; fileEncoding = 4; lastKnownFileType = sourcecode.cpp.cpp; path = hspvar_util.cpp; sourceTree = "<group>"; };
		1EE8DBE6178AE68300851304 /* hspvar_util.h */ = {isa = PBXFileReference; fileEncoding = 4; lastKnownFileType = sourcecode.c.h; path = hspvar_util.h; sourceTree = "<group>"; };
		1EE8DBE7178AE68300851304 /* misc.h */ = {isa = PBXFileReference; fileEncoding = 4; lastKnownFileType = sourcecode.c.h; path = misc.h; sourceTree = "<group>"; };
		1EE8DBE8178AE68300851304 /* misc.mm */ = {isa = PBXFileReference; fileEncoding = 4; lastKnownFileType = sourcecode.cpp.objcpp; path = misc.mm; sourceTree = "<group>"; };
		1EE8DC10178AE6A800851304 /* AudioToolbox.framework */ = {isa = PBXFileReference; lastKnownFileType = wrapper.framework; name = AudioToolbox.framework; path = System/Library/Frameworks/AudioToolbox.framework; sourceTree = SDKROOT; };
		1EE8DC11178AE6A800851304 /* iAd.framework */ = {isa = PBXFileReference; lastKnownFileType = wrapper.framework; name = iAd.framework; path = System/Library/Frameworks/iAd.framework; sourceTree = SDKROOT; };
		1EE8DC12178AE6A800851304 /* OpenAL.framework */ = {isa = PBXFileReference; lastKnownFileType = wrapper.framework; name = OpenAL.framework; path = System/Library/Frameworks/OpenAL.framework; sourceTree = SDKROOT; };
		1EE8DC13178AE6A800851304 /* OpenGLES.framework */ = {isa = PBXFileReference; lastKnownFileType = wrapper.framework; name = OpenGLES.framework; path = System/Library/Frameworks/OpenGLES.framework; sourceTree = SDKROOT; };
		1EE8DC14178AE6A800851304 /* QuartzCore.framework */ = {isa = PBXFileReference; lastKnownFileType = wrapper.framework; name = QuartzCore.framework; path = System/Library/Frameworks/QuartzCore.framework; sourceTree = SDKROOT; };
		1EE8DC1A178AE6D500851304 /* gcube.cpp */ = {isa = PBXFileReference; fileEncoding = 4; lastKnownFileType = sourcecode.cpp.cpp; path = gcube.cpp; sourceTree = "<group>"; };
		1EE8DC1D178AE6DC00851304 /* Icon.png */ = {isa = PBXFileReference; lastKnownFileType = image.png; path = Icon.png; sourceTree = "<group>"; };
/* End PBXFileReference section */

/* Begin PBXFrameworksBuildPhase section */
		1EA2A50C178AE634003F796C /* Frameworks */ = {
			isa = PBXFrameworksBuildPhase;
			buildActionMask = 2147483647;
			files = (
				1EE8DC15178AE6A800851304 /* AudioToolbox.framework in Frameworks */,
				1EE8DC16178AE6A800851304 /* iAd.framework in Frameworks */,
				1EE8DC17178AE6A800851304 /* OpenAL.framework in Frameworks */,
				1EE8DC18178AE6A800851304 /* OpenGLES.framework in Frameworks */,
				1EE8DC19178AE6A800851304 /* QuartzCore.framework in Frameworks */,
				1EA2A513178AE635003F796C /* UIKit.framework in Frameworks */,
				1EA2A515178AE635003F796C /* Foundation.framework in Frameworks */,
				1EA2A517178AE635003F796C /* CoreGraphics.framework in Frameworks */,
			);
			runOnlyForDeploymentPostprocessing = 0;
		};
/* End PBXFrameworksBuildPhase section */

/* Begin PBXGroup section */
		1EA2A506178AE634003F796C = {
			isa = PBXGroup;
			children = (
				1EE8DC10178AE6A800851304 /* AudioToolbox.framework */,
				1EE8DC11178AE6A800851304 /* iAd.framework */,
				1EE8DC12178AE6A800851304 /* OpenAL.framework */,
				1EE8DC13178AE6A800851304 /* OpenGLES.framework */,
				1EE8DC14178AE6A800851304 /* QuartzCore.framework */,
				1EE8DB91178AE68300851304 /* iHSP18 */,
				1EA2A518178AE635003F796C /* gcube */,
				1EA2A511178AE634003F796C /* Frameworks */,
				1EA2A510178AE634003F796C /* Products */,
			);
			sourceTree = "<group>";
		};
		1EA2A510178AE634003F796C /* Products */ = {
			isa = PBXGroup;
			children = (
				1EA2A50F178AE634003F796C /* gcube.app */,
			);
			name = Products;
			sourceTree = "<group>";
		};
		1EA2A511178AE634003F796C /* Frameworks */ = {
			isa = PBXGroup;
			children = (
				1EA2A512178AE635003F796C /* UIKit.framework */,
				1EA2A514178AE635003F796C /* Foundation.framework */,
				1EA2A516178AE635003F796C /* CoreGraphics.framework */,
			);
			name = Frameworks;
			sourceTree = "<group>";
		};
		1EA2A518178AE635003F796C /* gcube */ = {
			isa = PBXGroup;
			children = (
				1EE8DC1C178AE6DC00851304 /* Resource */,
				1EE8DC1A178AE6D500851304 /* gcube.cpp */,
				1EA2A521178AE635003F796C /* AppDelegate.h */,
				1EA2A522178AE635003F796C /* AppDelegate.m */,
				1EA2A519178AE635003F796C /* Supporting Files */,
			);
			path = gcube;
			sourceTree = "<group>";
		};
		1EA2A519178AE635003F796C /* Supporting Files */ = {
			isa = PBXGroup;
			children = (
				1EA2A51A178AE635003F796C /* gcube-Info.plist */,
				1EA2A51B178AE635003F796C /* InfoPlist.strings */,
				1EA2A51E178AE635003F796C /* main.m */,
				1EA2A520178AE635003F796C /* gcube-Prefix.pch */,
				1EA2A524178AE635003F796C /* Default.png */,
				1EA2A526178AE635003F796C /* Default@2x.png */,
				1EA2A528178AE635003F796C /* Default-568h@2x.png */,
			);
			name = "Supporting Files";
			sourceTree = "<group>";
		};
		1EE8DB91178AE68300851304 /* iHSP18 */ = {
			isa = PBXGroup;
			children = (
				1EE8DB92178AE68300851304 /* Classes */,
				1EE8DB9F178AE68300851304 /* hsp3 */,
				1EE8DBDF178AE68300851304 /* hsp3embed */,
			);
			name = iHSP18;
			path = ../iHSP18;
			sourceTree = "<group>";
		};
		1EE8DB92178AE68300851304 /* Classes */ = {
			isa = PBXGroup;
			children = (
				1EE8DB93178AE68300851304 /* Canvas.h */,
				1EE8DB94178AE68300851304 /* Canvas.mm */,
				1EE8DB95178AE68300851304 /* Graphics.h */,
				1EE8DB96178AE68300851304 /* Graphics.mm */,
				1EE8DB97178AE68300851304 /* HspView.h */,
				1EE8DB98178AE68300851304 /* HspView.mm */,
				1EE8DB99178AE68300851304 /* HspViewController.h */,
				1EE8DB9A178AE68300851304 /* HspViewController.mm */,
				1EE8DB9B178AE68300851304 /* Image.h */,
				1EE8DB9C178AE68300851304 /* Image.mm */,
				1EE8DB9D178AE68300851304 /* iOSBridge.h */,
				1EE8DB9E178AE68300851304 /* iOSBridge.mm */,
			);
			path = Classes;
			sourceTree = "<group>";
		};
		1EE8DB9F178AE68300851304 /* hsp3 */ = {
			isa = PBXGroup;
			children = (
				1EE8DBA0178AE68300851304 /* dpmread.cpp */,
				1EE8DBA1178AE68300851304 /* dpmread.h */,
				1EE8DBA2178AE68300851304 /* geometry.cpp */,
				1EE8DBA3178AE68300851304 /* geometry.h */,
				1EE8DBA4178AE68300851304 /* hgdx.cpp */,
				1EE8DBA5178AE68300851304 /* hgdx.h */,
				1EE8DBA6178AE68300851304 /* hgemitter.cpp */,
				1EE8DBA7178AE68300851304 /* hgemitter.h */,
				1EE8DBA8178AE68300851304 /* hgevent.cpp */,
				1EE8DBA9178AE68300851304 /* hgevent.h */,
				1EE8DBAA178AE68300851304 /* hginc.h */,
				1EE8DBAB178AE68300851304 /* hgio.h */,
				1EE8DBAC178AE68300851304 /* hgio_dg.h */,
				1EE8DBAD178AE68300851304 /* hgmodel.cpp */,
				1EE8DBAE178AE68300851304 /* hgmodel.h */,
				1EE8DBAF178AE68300851304 /* hgobj.cpp */,
				1EE8DBB0178AE68300851304 /* hgobj.h */,
				1EE8DBB1178AE68300851304 /* hsp3code.h */,
				1EE8DBB2178AE68300851304 /* hsp3config.h */,
				1EE8DBB3178AE68300851304 /* hsp3debug.cpp */,
				1EE8DBB4178AE68300851304 /* hsp3debug.h */,
				1EE8DBB5178AE68300851304 /* hsp3ext.h */,
				1EE8DBB6178AE68300851304 /* hsp3gr.h */,
				1EE8DBB7178AE68300851304 /* hsp3gr_dish.cpp */,
				1EE8DBB8178AE68300851304 /* hsp3gr_dish.h */,
				1EE8DBB9178AE68300851304 /* hsp3int.cpp */,
				1EE8DBBA178AE68300851304 /* hsp3int.h */,
				1EE8DBBB178AE68300851304 /* hsp3struct.h */,
				1EE8DBBC178AE68300851304 /* hspvar_core.cpp */,
				1EE8DBBD178AE68300851304 /* hspvar_core.h */,
				1EE8DBBE178AE68300851304 /* hspvar_double.cpp */,
				1EE8DBBF178AE68300851304 /* hspvar_int.cpp */,
				1EE8DBC0178AE68300851304 /* hspvar_label.cpp */,
				1EE8DBC1178AE68300851304 /* hspvar_label.h */,
				1EE8DBC2178AE68300851304 /* hspvar_str.cpp */,
				1EE8DBC3178AE68300851304 /* hspvar_struct.cpp */,
				1EE8DBC4178AE68300851304 /* hspwnd.h */,
				1EE8DBC5178AE68300851304 /* hspwnd_dish.cpp */,
				1EE8DBC6178AE68300851304 /* hspwnd_dish.h */,
				1EE8DBC7178AE68300851304 /* hspwnd_obj.cpp */,
				1EE8DBC8178AE68300851304 /* ios */,
				1EE8DBD4178AE68300851304 /* random.cpp */,
				1EE8DBD5178AE68300851304 /* random.h */,
				1EE8DBD6178AE68300851304 /* stack.cpp */,
				1EE8DBD7178AE68300851304 /* stack.h */,
				1EE8DBD8178AE68300851304 /* strbuf.cpp */,
				1EE8DBD9178AE68300851304 /* strbuf.h */,
				1EE8DBDA178AE68300851304 /* strnote.cpp */,
				1EE8DBDB178AE68300851304 /* strnote.h */,
				1EE8DBDC178AE68300851304 /* supio.h */,
				1EE8DBDD178AE68300851304 /* sysreq.cpp */,
				1EE8DBDE178AE68300851304 /* sysreq.h */,
			);
			path = hsp3;
			sourceTree = "<group>";
		};
		1EE8DBC8178AE68300851304 /* ios */ = {
			isa = PBXGroup;
			children = (
				1EE8DBC9178AE68300851304 /* appengine.h */,
				1EE8DBCA178AE68300851304 /* hgiox.cpp */,
				1EE8DBCB178AE68300851304 /* hgiox.h */,
				1EE8DBCC178AE68300851304 /* hsp3ext_ios.cpp */,
				1EE8DBCD178AE68300851304 /* hsp3ext_ios.h */,
				1EE8DBCE178AE68300851304 /* mmman.h */,
				1EE8DBCF178AE68300851304 /* mmman.mm */,
				1EE8DBD0178AE68300851304 /* stb_image.c */,
				1EE8DBD1178AE68300851304 /* stb_image.h */,
				1EE8DBD2178AE68300851304 /* supio_ios.cpp */,
				1EE8DBD3178AE68300851304 /* supio_ios.h */,
			);
			path = ios;
			sourceTree = "<group>";
		};
		1EE8DBDF178AE68300851304 /* hsp3embed */ = {
			isa = PBXGroup;
			children = (
				1EE8DBE0178AE68300851304 /* hsp3code.cpp */,
				1EE8DBE1178AE68300851304 /* hsp3embed.cpp */,
				1EE8DBE2178AE68300851304 /* hsp3embed.h */,
				1EE8DBE3178AE68300851304 /* hsp3r.cpp */,
				1EE8DBE4178AE68300851304 /* hsp3r.h */,
				1EE8DBE5178AE68300851304 /* hspvar_util.cpp */,
				1EE8DBE6178AE68300851304 /* hspvar_util.h */,
				1EE8DBE7178AE68300851304 /* misc.h */,
				1EE8DBE8178AE68300851304 /* misc.mm */,
			);
			path = hsp3embed;
			sourceTree = "<group>";
		};
		1EE8DC1C178AE6DC00851304 /* Resource */ = {
			isa = PBXGroup;
			children = (
				1EE8DC1D178AE6DC00851304 /* Icon.png */,
			);
			path = Resource;
			sourceTree = "<group>";
		};
/* End PBXGroup section */

/* Begin PBXNativeTarget section */
		1EA2A50E178AE634003F796C /* gcube */ = {
			isa = PBXNativeTarget;
			buildConfigurationList = 1EA2A52C178AE635003F796C /* Build configuration list for PBXNativeTarget "gcube" */;
			buildPhases = (
				1EA2A50B178AE634003F796C /* Sources */,
				1EA2A50C178AE634003F796C /* Frameworks */,
				1EA2A50D178AE634003F796C /* Resources */,
			);
			buildRules = (
			);
			dependencies = (
			);
			name = gcube;
			productName = gcube;
			productReference = 1EA2A50F178AE634003F796C /* gcube.app */;
			productType = "com.apple.product-type.application";
		};
/* End PBXNativeTarget section */

/* Begin PBXProject section */
		1EA2A507178AE634003F796C /* Project object */ = {
			isa = PBXProject;
			attributes = {
				LastUpgradeCheck = 0460;
				ORGANIZATIONNAME = "onion software";
			};
			buildConfigurationList = 1EA2A50A178AE634003F796C /* Build configuration list for PBXProject "gcube" */;
			compatibilityVersion = "Xcode 3.2";
			developmentRegion = English;
			hasScannedForEncodings = 0;
			knownRegions = (
				en,
			);
			mainGroup = 1EA2A506178AE634003F796C;
			productRefGroup = 1EA2A510178AE634003F796C /* Products */;
			projectDirPath = "";
			projectRoot = "";
			targets = (
				1EA2A50E178AE634003F796C /* gcube */,
			);
		};
/* End PBXProject section */

/* Begin PBXResourcesBuildPhase section */
		1EA2A50D178AE634003F796C /* Resources */ = {
			isa = PBXResourcesBuildPhase;
			buildActionMask = 2147483647;
			files = (
				1EA2A51D178AE635003F796C /* InfoPlist.strings in Resources */,
				1EA2A525178AE635003F796C /* Default.png in Resources */,
				1EA2A527178AE635003F796C /* Default@2x.png in Resources */,
				1EA2A529178AE635003F796C /* Default-568h@2x.png in Resources */,
				1EE8DC1E178AE6DC00851304 /* Icon.png in Resources */,
			);
			runOnlyForDeploymentPostprocessing = 0;
		};
/* End PBXResourcesBuildPhase section */

/* Begin PBXSourcesBuildPhase section */
		1EA2A50B178AE634003F796C /* Sources */ = {
			isa = PBXSourcesBuildPhase;
			buildActionMask = 2147483647;
			files = (
				1EA2A51F178AE635003F796C /* main.m in Sources */,
				1EA2A523178AE635003F796C /* AppDelegate.m in Sources */,
				1EE8DBE9178AE68300851304 /* Canvas.mm in Sources */,
				1EE8DBEA178AE68300851304 /* Graphics.mm in Sources */,
				1EE8DBEB178AE68300851304 /* HspView.mm in Sources */,
				1EE8DBEC178AE68300851304 /* HspViewController.mm in Sources */,
				1EE8DBED178AE68300851304 /* Image.mm in Sources */,
				1EE8DBEE178AE68300851304 /* iOSBridge.mm in Sources */,
				1EE8DBEF178AE68300851304 /* dpmread.cpp in Sources */,
				1EE8DBF0178AE68300851304 /* geometry.cpp in Sources */,
				1EE8DBF1178AE68300851304 /* hgdx.cpp in Sources */,
				1EE8DBF2178AE68300851304 /* hgemitter.cpp in Sources */,
				1EE8DBF3178AE68300851304 /* hgevent.cpp in Sources */,
				1EE8DBF4178AE68300851304 /* hgmodel.cpp in Sources */,
				1EE8DBF5178AE68300851304 /* hgobj.cpp in Sources */,
				1EE8DBF6178AE68300851304 /* hsp3debug.cpp in Sources */,
				1EE8DBF7178AE68300851304 /* hsp3gr_dish.cpp in Sources */,
				1EE8DBF8178AE68300851304 /* hsp3int.cpp in Sources */,
				1EE8DBF9178AE68300851304 /* hspvar_core.cpp in Sources */,
				1EE8DBFA178AE68300851304 /* hspvar_double.cpp in Sources */,
				1EE8DBFB178AE68300851304 /* hspvar_int.cpp in Sources */,
				1EE8DBFC178AE68300851304 /* hspvar_label.cpp in Sources */,
				1EE8DBFD178AE68300851304 /* hspvar_str.cpp in Sources */,
				1EE8DBFE178AE68300851304 /* hspvar_struct.cpp in Sources */,
				1EE8DBFF178AE68300851304 /* hspwnd_dish.cpp in Sources */,
				1EE8DC00178AE68300851304 /* hspwnd_obj.cpp in Sources */,
				1EE8DC01178AE68300851304 /* hgiox.cpp in Sources */,
				1EE8DC02178AE68300851304 /* hsp3ext_ios.cpp in Sources */,
				1EE8DC03178AE68300851304 /* mmman.mm in Sources */,
				1EE8DC04178AE68300851304 /* stb_image.c in Sources */,
				1EE8DC05178AE68300851304 /* supio_ios.cpp in Sources */,
				1EE8DC06178AE68300851304 /* random.cpp in Sources */,
				1EE8DC07178AE68300851304 /* stack.cpp in Sources */,
				1EE8DC08178AE68300851304 /* strbuf.cpp in Sources */,
				1EE8DC09178AE68300851304 /* strnote.cpp in Sources */,
				1EE8DC0A178AE68300851304 /* sysreq.cpp in Sources */,
				1EE8DC0B178AE68300851304 /* hsp3code.cpp in Sources */,
				1EE8DC0C178AE68300851304 /* hsp3embed.cpp in Sources */,
				1EE8DC0D178AE68300851304 /* hsp3r.cpp in Sources */,
				1EE8DC0E178AE68300851304 /* hspvar_util.cpp in Sources */,
				1EE8DC0F178AE68300851304 /* misc.mm in Sources */,
				1EE8DC1B178AE6D500851304 /* gcube.cpp in Sources */,
			);
			runOnlyForDeploymentPostprocessing = 0;
		};
/* End PBXSourcesBuildPhase section */

/* Begin PBXVariantGroup section */
		1EA2A51B178AE635003F796C /* InfoPlist.strings */ = {
			isa = PBXVariantGroup;
			children = (
				1EA2A51C178AE635003F796C /* en */,
			);
			name = InfoPlist.strings;
			sourceTree = "<group>";
		};
/* End PBXVariantGroup section */

/* Begin XCBuildConfiguration section */
		1EA2A52A178AE635003F796C /* Debug */ = {
			isa = XCBuildConfiguration;
			buildSettings = {
				ALWAYS_SEARCH_USER_PATHS = NO;
				CLANG_CXX_LANGUAGE_STANDARD = "gnu++0x";
				CLANG_CXX_LIBRARY = "libc++";
				CLANG_WARN_CONSTANT_CONVERSION = YES;
				CLANG_WARN_EMPTY_BODY = YES;
				CLANG_WARN_ENUM_CONVERSION = YES;
				CLANG_WARN_INT_CONVERSION = YES;
				CLANG_WARN__DUPLICATE_METHOD_MATCH = YES;
				"CODE_SIGN_IDENTITY[sdk=iphoneos*]" = "iPhone Developer";
				COPY_PHASE_STRIP = NO;
				GCC_C_LANGUAGE_STANDARD = gnu99;
				GCC_DYNAMIC_NO_PIC = NO;
				GCC_OPTIMIZATION_LEVEL = 0;
				GCC_PREPROCESSOR_DEFINITIONS = (
					"DEBUG=1",
					"$(inherited)",
				);
				GCC_SYMBOLS_PRIVATE_EXTERN = NO;
				GCC_WARN_ABOUT_RETURN_TYPE = YES;
				GCC_WARN_UNINITIALIZED_AUTOS = YES;
				GCC_WARN_UNUSED_VARIABLE = YES;
				IPHONEOS_DEPLOYMENT_TARGET = 6.1;
				ONLY_ACTIVE_ARCH = YES;
				SDKROOT = iphoneos;
			};
			name = Debug;
		};
		1EA2A52B178AE635003F796C /* Release */ = {
			isa = XCBuildConfiguration;
			buildSettings = {
				ALWAYS_SEARCH_USER_PATHS = NO;
				CLANG_CXX_LANGUAGE_STANDARD = "gnu++0x";
				CLANG_CXX_LIBRARY = "libc++";
				CLANG_WARN_CONSTANT_CONVERSION = YES;
				CLANG_WARN_EMPTY_BODY = YES;
				CLANG_WARN_ENUM_CONVERSION = YES;
				CLANG_WARN_INT_CONVERSION = YES;
				CLANG_WARN__DUPLICATE_METHOD_MATCH = YES;
				"CODE_SIGN_IDENTITY[sdk=iphoneos*]" = "iPhone Developer";
				COPY_PHASE_STRIP = YES;
				GCC_C_LANGUAGE_STANDARD = gnu99;
				GCC_WARN_ABOUT_RETURN_TYPE = YES;
				GCC_WARN_UNINITIALIZED_AUTOS = YES;
				GCC_WARN_UNUSED_VARIABLE = YES;
				IPHONEOS_DEPLOYMENT_TARGET = 6.1;
				OTHER_CFLAGS = "-DNS_BLOCK_ASSERTIONS=1";
				SDKROOT = iphoneos;
				VALIDATE_PRODUCT = YES;
			};
			name = Release;
		};
		1EA2A52D178AE635003F796C /* Debug */ = {
			isa = XCBuildConfiguration;
			buildSettings = {
				CLANG_CXX_LANGUAGE_STANDARD = "compiler-default";
				CLANG_CXX_LIBRARY = "compiler-default";
				COMPRESS_PNG_FILES = NO;
				GCC_C_LANGUAGE_STANDARD = "compiler-default";
				GCC_PRECOMPILE_PREFIX_HEADER = YES;
				GCC_PREFIX_HEADER = "gcube/gcube-Prefix.pch";
				INFOPLIST_FILE = "gcube/gcube-Info.plist";
				IPHONEOS_DEPLOYMENT_TARGET = 4.3;
				PRODUCT_NAME = "$(TARGET_NAME)";
				WRAPPER_EXTENSION = app;
			};
			name = Debug;
		};
		1EA2A52E178AE635003F796C /* Release */ = {
			isa = XCBuildConfiguration;
			buildSettings = {
				CLANG_CXX_LANGUAGE_STANDARD = "compiler-default";
				CLANG_CXX_LIBRARY = "compiler-default";
				COMPRESS_PNG_FILES = NO;
				GCC_C_LANGUAGE_STANDARD = "compiler-default";
				GCC_PRECOMPILE_PREFIX_HEADER = YES;
				GCC_PREFIX_HEADER = "gcube/gcube-Prefix.pch";
				INFOPLIST_FILE = "gcube/gcube-Info.plist";
				IPHONEOS_DEPLOYMENT_TARGET = 4.3;
				PRODUCT_NAME = "$(TARGET_NAME)";
				WRAPPER_EXTENSION = app;
			};
			name = Release;
		};
/* End XCBuildConfiguration section */

/* Begin XCConfigurationList section */
		1EA2A50A178AE634003F796C /* Build configuration list for PBXProject "gcube" */ = {
			isa = XCConfigurationList;
			buildConfigurations = (
				1EA2A52A178AE635003F796C /* Debug */,
				1EA2A52B178AE635003F796C /* Release */,
			);
			defaultConfigurationIsVisible = 0;
			defaultConfigurationName = Release;
		};
		1EA2A52C178AE635003F796C /* Build configuration list for PBXNativeTarget "gcube" */ = {
			isa = XCConfigurationList;
			buildConfigurations = (
				1EA2A52D178AE635003F796C /* Debug */,
				1EA2A52E178AE635003F796C /* Release */,
			);
			defaultConfigurationIsVisible = 0;
			defaultConfigurationName = Release;
		};
/* End XCConfigurationList section */
	};
	rootObject = 1EA2A507178AE634003F796C /* Project object */;
}
