// !$*UTF8*$!
{
	archiveVersion = 1;
	classes = {
	};
	objectVersion = 46;
	objects = {

/* Begin PBXBuildFile section */
		1E0417D3189A70E5003F87D6 /* Default-568h@2x.png in Resources */ = {isa = PBXBuildFile; fileRef = 1E0417D0189A70E5003F87D6 /* Default-568h@2x.png */; };
		1E0417D4189A70E5003F87D6 /* Default.png in Resources */ = {isa = PBXBuildFile; fileRef = 1E0417D1189A70E5003F87D6 /* Default.png */; };
		1E0417D5189A70E5003F87D6 /* Default@2x.png in Resources */ = {isa = PBXBuildFile; fileRef = 1E0417D2189A70E5003F87D6 /* Default@2x.png */; };
		1E480DAF1859C4540052A2F2 /* Foundation.framework in Frameworks */ = {isa = PBXBuildFile; fileRef = 1E480DAE1859C4540052A2F2 /* Foundation.framework */; };
		1E480DB11859C4540052A2F2 /* CoreGraphics.framework in Frameworks */ = {isa = PBXBuildFile; fileRef = 1E480DB01859C4540052A2F2 /* CoreGraphics.framework */; };
		1E480DB31859C4540052A2F2 /* UIKit.framework in Frameworks */ = {isa = PBXBuildFile; fileRef = 1E480DB21859C4540052A2F2 /* UIKit.framework */; };
		1E480DB91859C4540052A2F2 /* InfoPlist.strings in Resources */ = {isa = PBXBuildFile; fileRef = 1E480DB71859C4540052A2F2 /* InfoPlist.strings */; };
		1E480DBB1859C4540052A2F2 /* main.m in Sources */ = {isa = PBXBuildFile; fileRef = 1E480DBA1859C4540052A2F2 /* main.m */; };
		1E480DBF1859C4540052A2F2 /* AppDelegate.m in Sources */ = {isa = PBXBuildFile; fileRef = 1E480DBE1859C4540052A2F2 /* AppDelegate.m */; };
		1E480DE21859C4A60052A2F2 /* AudioToolbox.framework in Frameworks */ = {isa = PBXBuildFile; fileRef = 1E480DDD1859C4A60052A2F2 /* AudioToolbox.framework */; };
		1E480DE31859C4A60052A2F2 /* iAd.framework in Frameworks */ = {isa = PBXBuildFile; fileRef = 1E480DDE1859C4A60052A2F2 /* iAd.framework */; };
		1E480DE41859C4A60052A2F2 /* OpenAL.framework in Frameworks */ = {isa = PBXBuildFile; fileRef = 1E480DDF1859C4A60052A2F2 /* OpenAL.framework */; };
		1E480DE51859C4A60052A2F2 /* OpenGLES.framework in Frameworks */ = {isa = PBXBuildFile; fileRef = 1E480DE01859C4A60052A2F2 /* OpenGLES.framework */; };
		1E480DE61859C4A60052A2F2 /* QuartzCore.framework in Frameworks */ = {isa = PBXBuildFile; fileRef = 1E480DE11859C4A60052A2F2 /* QuartzCore.framework */; };
		1E912418282E47530012AF56 /* HspViewController.mm in Sources */ = {isa = PBXBuildFile; fileRef = 1E91239F282E47530012AF56 /* HspViewController.mm */; };
		1E912419282E47530012AF56 /* Image.mm in Sources */ = {isa = PBXBuildFile; fileRef = 1E9123A1282E47530012AF56 /* Image.mm */; };
		1E91241A282E47530012AF56 /* Canvas.mm in Sources */ = {isa = PBXBuildFile; fileRef = 1E9123A2282E47530012AF56 /* Canvas.mm */; };
		1E91241B282E47530012AF56 /* HspView.mm in Sources */ = {isa = PBXBuildFile; fileRef = 1E9123A3282E47530012AF56 /* HspView.mm */; };
		1E91241D282E47530012AF56 /* iOSBridge.mm in Sources */ = {isa = PBXBuildFile; fileRef = 1E9123A5282E47530012AF56 /* iOSBridge.mm */; };
		1E91241F282E47530012AF56 /* Graphics.mm in Sources */ = {isa = PBXBuildFile; fileRef = 1E9123A9282E47530012AF56 /* Graphics.mm */; };
		1E912420282E47530012AF56 /* hsp3int.cpp in Sources */ = {isa = PBXBuildFile; fileRef = 1E9123AE282E47530012AF56 /* hsp3int.cpp */; };
		1E912421282E47530012AF56 /* hspvar_str.cpp in Sources */ = {isa = PBXBuildFile; fileRef = 1E9123B0282E47530012AF56 /* hspvar_str.cpp */; };
		1E912422282E47530012AF56 /* dpmread.cpp in Sources */ = {isa = PBXBuildFile; fileRef = 1E9123B1282E47530012AF56 /* dpmread.cpp */; };
		1E912423282E47530012AF56 /* hspvar_double.cpp in Sources */ = {isa = PBXBuildFile; fileRef = 1E9123B4282E47530012AF56 /* hspvar_double.cpp */; };
		1E912424282E47530012AF56 /* strbuf.cpp in Sources */ = {isa = PBXBuildFile; fileRef = 1E9123B5282E47530012AF56 /* strbuf.cpp */; };
		1E912425282E47530012AF56 /* hsp3crypt.cpp in Sources */ = {isa = PBXBuildFile; fileRef = 1E9123B6282E47530012AF56 /* hsp3crypt.cpp */; };
		1E912426282E47530012AF56 /* hsp3utfcnv.cpp in Sources */ = {isa = PBXBuildFile; fileRef = 1E9123B8282E47530012AF56 /* hsp3utfcnv.cpp */; };
		1E912427282E47530012AF56 /* stack.cpp in Sources */ = {isa = PBXBuildFile; fileRef = 1E9123B9282E47530012AF56 /* stack.cpp */; };
		1E912428282E47530012AF56 /* hspvar_label.cpp in Sources */ = {isa = PBXBuildFile; fileRef = 1E9123BA282E47530012AF56 /* hspvar_label.cpp */; };
		1E912429282E47530012AF56 /* hsp3ext_ios.cpp in Sources */ = {isa = PBXBuildFile; fileRef = 1E9123BC282E47530012AF56 /* hsp3ext_ios.cpp */; };
		1E91242A282E47530012AF56 /* supio_ios.cpp in Sources */ = {isa = PBXBuildFile; fileRef = 1E9123BD282E47530012AF56 /* supio_ios.cpp */; };
		1E91242C282E47530012AF56 /* hspvar_int.cpp in Sources */ = {isa = PBXBuildFile; fileRef = 1E9123C3282E47530012AF56 /* hspvar_int.cpp */; };
		1E91242D282E47530012AF56 /* strnote.cpp in Sources */ = {isa = PBXBuildFile; fileRef = 1E9123C4282E47530012AF56 /* strnote.cpp */; };
		1E91242E282E47530012AF56 /* hspvar_core.cpp in Sources */ = {isa = PBXBuildFile; fileRef = 1E9123C5282E47530012AF56 /* hspvar_core.cpp */; };
		1E91242F282E47530012AF56 /* hsp3debug.cpp in Sources */ = {isa = PBXBuildFile; fileRef = 1E9123C6282E47530012AF56 /* hsp3debug.cpp */; };
		1E912430282E47530012AF56 /* filepack.cpp in Sources */ = {isa = PBXBuildFile; fileRef = 1E9123CB282E47530012AF56 /* filepack.cpp */; };
		1E912431282E47530012AF56 /* hspvar_struct.cpp in Sources */ = {isa = PBXBuildFile; fileRef = 1E9123CD282E47530012AF56 /* hspvar_struct.cpp */; };
		1E912432282E47530012AF56 /* vessel.cpp in Sources */ = {isa = PBXBuildFile; fileRef = 1E9123D6282E47530012AF56 /* vessel.cpp */; };
		1E912433282E47530012AF56 /* OBAQlicense.txt in Resources */ = {isa = PBXBuildFile; fileRef = 1E9123D7282E47530012AF56 /* OBAQlicense.txt */; };
		1E912434282E47530012AF56 /* rock.cpp in Sources */ = {isa = PBXBuildFile; fileRef = 1E9123DB282E47530012AF56 /* rock.cpp */; };
		1E912435282E47530012AF56 /* hspwnd_dish.cpp in Sources */ = {isa = PBXBuildFile; fileRef = 1E9123DE282E47530012AF56 /* hspwnd_dish.cpp */; };
		1E912436282E47530012AF56 /* hspwnd_edit.cpp in Sources */ = {isa = PBXBuildFile; fileRef = 1E9123DF282E47530012AF56 /* hspwnd_edit.cpp */; };
		1E912437282E47530012AF56 /* geometry.cpp in Sources */ = {isa = PBXBuildFile; fileRef = 1E9123E0282E47530012AF56 /* geometry.cpp */; };
		1E912438282E47530012AF56 /* hsp3dw.cpp in Sources */ = {isa = PBXBuildFile; fileRef = 1E9123E2282E47530012AF56 /* hsp3dw.cpp */; };
		1E912439282E47530012AF56 /* omkedraw.cpp in Sources */ = {isa = PBXBuildFile; fileRef = 1E9123E3282E47530012AF56 /* omkedraw.cpp */; };
		1E91243A282E47530012AF56 /* game.cpp in Sources */ = {isa = PBXBuildFile; fileRef = 1E9123E7282E47530012AF56 /* game.cpp */; };
		1E91243B282E47530012AF56 /* essprite.cpp in Sources */ = {isa = PBXBuildFile; fileRef = 1E9123E8282E47530012AF56 /* essprite.cpp */; };
		1E91243C282E47530012AF56 /* random.cpp in Sources */ = {isa = PBXBuildFile; fileRef = 1E9123EA282E47530012AF56 /* random.cpp */; };
		1E91243D282E47530012AF56 /* sysreq.cpp in Sources */ = {isa = PBXBuildFile; fileRef = 1E9123ED282E47530012AF56 /* sysreq.cpp */; };
		1E91243E282E47530012AF56 /* mmman.mm in Sources */ = {isa = PBXBuildFile; fileRef = 1E9123F2282E47530012AF56 /* mmman.mm */; };
		1E91243F282E47530012AF56 /* webtask_ios.cpp in Sources */ = {isa = PBXBuildFile; fileRef = 1E9123F3282E47530012AF56 /* webtask_ios.cpp */; };
		1E912440282E47530012AF56 /* stb_image.c in Sources */ = {isa = PBXBuildFile; fileRef = 1E9123F6282E47530012AF56 /* stb_image.c */; };
		1E912441282E47530012AF56 /* fontsystem.cpp in Sources */ = {isa = PBXBuildFile; fileRef = 1E9123F8282E47530012AF56 /* fontsystem.cpp */; };
		1E912443282E47530012AF56 /* hgtex.cpp in Sources */ = {isa = PBXBuildFile; fileRef = 1E9123FE282E47530012AF56 /* hgtex.cpp */; };
		1E912444282E47530012AF56 /* hgiox.cpp in Sources */ = {isa = PBXBuildFile; fileRef = 1E912400282E47530012AF56 /* hgiox.cpp */; };
		1E912445282E47530012AF56 /* hsp3gr_dish.cpp in Sources */ = {isa = PBXBuildFile; fileRef = 1E912402282E47530012AF56 /* hsp3gr_dish.cpp */; };
		1E912446282E47530012AF56 /* hspwnd_obj.cpp in Sources */ = {isa = PBXBuildFile; fileRef = 1E912403282E47530012AF56 /* hspwnd_obj.cpp */; };
		1E912447282E47530012AF56 /* texmes.cpp in Sources */ = {isa = PBXBuildFile; fileRef = 1E912406282E47530012AF56 /* texmes.cpp */; };
		1E912449282E47530012AF56 /* hsp3code.cpp in Sources */ = {isa = PBXBuildFile; fileRef = 1E91240F282E47530012AF56 /* hsp3code.cpp */; };
		1E91244A282E47530012AF56 /* hsp3r.cpp in Sources */ = {isa = PBXBuildFile; fileRef = 1E912412282E47530012AF56 /* hsp3r.cpp */; };
		1E91244B282E47530012AF56 /* hsp3embed.cpp in Sources */ = {isa = PBXBuildFile; fileRef = 1E912413282E47530012AF56 /* hsp3embed.cpp */; };
		1E91244C282E47530012AF56 /* misc.mm in Sources */ = {isa = PBXBuildFile; fileRef = 1E912414282E47530012AF56 /* misc.mm */; };
		1E91244D282E47530012AF56 /* hspvar_util.cpp in Sources */ = {isa = PBXBuildFile; fileRef = 1E912415282E47530012AF56 /* hspvar_util.cpp */; };
		1E91244E282E47530012AF56 /* hspsource.cpp in Sources */ = {isa = PBXBuildFile; fileRef = 1E912416282E47530012AF56 /* hspsource.cpp */; };
		1EA5558F189A462D00344013 /* icon57.png in Resources */ = {isa = PBXBuildFile; fileRef = 1EA5558C189A462D00344013 /* icon57.png */; };
		1EA55590189A462D00344013 /* icon58.png in Resources */ = {isa = PBXBuildFile; fileRef = 1EA5558D189A462D00344013 /* icon58.png */; };
		1EA55591189A462D00344013 /* icon120.png in Resources */ = {isa = PBXBuildFile; fileRef = 1EA5558E189A462D00344013 /* icon120.png */; };
/* End PBXBuildFile section */

/* Begin PBXFileReference section */
		1E0417D0189A70E5003F87D6 /* Default-568h@2x.png */ = {isa = PBXFileReference; lastKnownFileType = image.png; path = "Default-568h@2x.png"; sourceTree = "<group>"; };
		1E0417D1189A70E5003F87D6 /* Default.png */ = {isa = PBXFileReference; lastKnownFileType = image.png; path = Default.png; sourceTree = "<group>"; };
		1E0417D2189A70E5003F87D6 /* Default@2x.png */ = {isa = PBXFileReference; lastKnownFileType = image.png; path = "Default@2x.png"; sourceTree = "<group>"; };
		1E480DAB1859C4540052A2F2 /* hspproj.app */ = {isa = PBXFileReference; explicitFileType = wrapper.application; includeInIndex = 0; path = hspproj.app; sourceTree = BUILT_PRODUCTS_DIR; };
		1E480DAE1859C4540052A2F2 /* Foundation.framework */ = {isa = PBXFileReference; lastKnownFileType = wrapper.framework; name = Foundation.framework; path = System/Library/Frameworks/Foundation.framework; sourceTree = SDKROOT; };
		1E480DB01859C4540052A2F2 /* CoreGraphics.framework */ = {isa = PBXFileReference; lastKnownFileType = wrapper.framework; name = CoreGraphics.framework; path = System/Library/Frameworks/CoreGraphics.framework; sourceTree = SDKROOT; };
		1E480DB21859C4540052A2F2 /* UIKit.framework */ = {isa = PBXFileReference; lastKnownFileType = wrapper.framework; name = UIKit.framework; path = System/Library/Frameworks/UIKit.framework; sourceTree = SDKROOT; };
		1E480DB61859C4540052A2F2 /* hspproj-Info.plist */ = {isa = PBXFileReference; lastKnownFileType = text.plist.xml; path = "hspproj-Info.plist"; sourceTree = "<group>"; };
		1E480DB81859C4540052A2F2 /* en */ = {isa = PBXFileReference; lastKnownFileType = text.plist.strings; name = en; path = en.lproj/InfoPlist.strings; sourceTree = "<group>"; };
		1E480DBA1859C4540052A2F2 /* main.m */ = {isa = PBXFileReference; lastKnownFileType = sourcecode.c.objc; path = main.m; sourceTree = "<group>"; };
		1E480DBC1859C4540052A2F2 /* hspproj-Prefix.pch */ = {isa = PBXFileReference; lastKnownFileType = sourcecode.c.h; path = "hspproj-Prefix.pch"; sourceTree = "<group>"; };
		1E480DBD1859C4540052A2F2 /* AppDelegate.h */ = {isa = PBXFileReference; lastKnownFileType = sourcecode.c.h; path = AppDelegate.h; sourceTree = "<group>"; };
		1E480DBE1859C4540052A2F2 /* AppDelegate.m */ = {isa = PBXFileReference; lastKnownFileType = sourcecode.c.objc; path = AppDelegate.m; sourceTree = "<group>"; };
		1E480DDD1859C4A60052A2F2 /* AudioToolbox.framework */ = {isa = PBXFileReference; lastKnownFileType = wrapper.framework; name = AudioToolbox.framework; path = System/Library/Frameworks/AudioToolbox.framework; sourceTree = SDKROOT; };
		1E480DDE1859C4A60052A2F2 /* iAd.framework */ = {isa = PBXFileReference; lastKnownFileType = wrapper.framework; name = iAd.framework; path = System/Library/Frameworks/iAd.framework; sourceTree = SDKROOT; };
		1E480DDF1859C4A60052A2F2 /* OpenAL.framework */ = {isa = PBXFileReference; lastKnownFileType = wrapper.framework; name = OpenAL.framework; path = System/Library/Frameworks/OpenAL.framework; sourceTree = SDKROOT; };
		1E480DE01859C4A60052A2F2 /* OpenGLES.framework */ = {isa = PBXFileReference; lastKnownFileType = wrapper.framework; name = OpenGLES.framework; path = System/Library/Frameworks/OpenGLES.framework; sourceTree = SDKROOT; };
		1E480DE11859C4A60052A2F2 /* QuartzCore.framework */ = {isa = PBXFileReference; lastKnownFileType = wrapper.framework; name = QuartzCore.framework; path = System/Library/Frameworks/QuartzCore.framework; sourceTree = SDKROOT; };
		1E63B6F2185B17B600E311DC /* ja */ = {isa = PBXFileReference; lastKnownFileType = text.plist.strings; name = ja; path = ja.lproj/InfoPlist.strings; sourceTree = "<group>"; };
		1E91239F282E47530012AF56 /* HspViewController.mm */ = {isa = PBXFileReference; fileEncoding = 4; lastKnownFileType = sourcecode.cpp.objcpp; path = HspViewController.mm; sourceTree = "<group>"; };
		1E9123A0282E47530012AF56 /* iOSBridge.h */ = {isa = PBXFileReference; fileEncoding = 4; lastKnownFileType = sourcecode.c.h; path = iOSBridge.h; sourceTree = "<group>"; };
		1E9123A1282E47530012AF56 /* Image.mm */ = {isa = PBXFileReference; fileEncoding = 4; lastKnownFileType = sourcecode.cpp.objcpp; path = Image.mm; sourceTree = "<group>"; };
		1E9123A2282E47530012AF56 /* Canvas.mm */ = {isa = PBXFileReference; fileEncoding = 4; lastKnownFileType = sourcecode.cpp.objcpp; path = Canvas.mm; sourceTree = "<group>"; };
		1E9123A3282E47530012AF56 /* HspView.mm */ = {isa = PBXFileReference; fileEncoding = 4; lastKnownFileType = sourcecode.cpp.objcpp; path = HspView.mm; sourceTree = "<group>"; };
		1E9123A5282E47530012AF56 /* iOSBridge.mm */ = {isa = PBXFileReference; fileEncoding = 4; lastKnownFileType = sourcecode.cpp.objcpp; path = iOSBridge.mm; sourceTree = "<group>"; };
		1E9123A6282E47530012AF56 /* HspViewController.h */ = {isa = PBXFileReference; fileEncoding = 4; lastKnownFileType = sourcecode.c.h; path = HspViewController.h; sourceTree = "<group>"; };
		1E9123A7282E47530012AF56 /* HspView.h */ = {isa = PBXFileReference; fileEncoding = 4; lastKnownFileType = sourcecode.c.h; path = HspView.h; sourceTree = "<group>"; };
		1E9123A9282E47530012AF56 /* Graphics.mm */ = {isa = PBXFileReference; fileEncoding = 4; lastKnownFileType = sourcecode.cpp.objcpp; path = Graphics.mm; sourceTree = "<group>"; };
		1E9123AA282E47530012AF56 /* Graphics.h */ = {isa = PBXFileReference; fileEncoding = 4; lastKnownFileType = sourcecode.c.h; path = Graphics.h; sourceTree = "<group>"; };
		1E9123AB282E47530012AF56 /* Canvas.h */ = {isa = PBXFileReference; fileEncoding = 4; lastKnownFileType = sourcecode.c.h; path = Canvas.h; sourceTree = "<group>"; };
		1E9123AC282E47530012AF56 /* Image.h */ = {isa = PBXFileReference; fileEncoding = 4; lastKnownFileType = sourcecode.c.h; path = Image.h; sourceTree = "<group>"; };
		1E9123AE282E47530012AF56 /* hsp3int.cpp */ = {isa = PBXFileReference; fileEncoding = 4; lastKnownFileType = sourcecode.cpp.cpp; path = hsp3int.cpp; sourceTree = "<group>"; };
		1E9123AF282E47530012AF56 /* strbuf.h */ = {isa = PBXFileReference; fileEncoding = 4; lastKnownFileType = sourcecode.c.h; path = strbuf.h; sourceTree = "<group>"; };
		1E9123B0282E47530012AF56 /* hspvar_str.cpp */ = {isa = PBXFileReference; fileEncoding = 4; lastKnownFileType = sourcecode.cpp.cpp; path = hspvar_str.cpp; sourceTree = "<group>"; };
		1E9123B1282E47530012AF56 /* dpmread.cpp */ = {isa = PBXFileReference; fileEncoding = 4; lastKnownFileType = sourcecode.cpp.cpp; path = dpmread.cpp; sourceTree = "<group>"; };
		1E9123B2282E47530012AF56 /* hsp3int.h */ = {isa = PBXFileReference; fileEncoding = 4; lastKnownFileType = sourcecode.c.h; path = hsp3int.h; sourceTree = "<group>"; };
		1E9123B3282E47530012AF56 /* hsp3code.h */ = {isa = PBXFileReference; fileEncoding = 4; lastKnownFileType = sourcecode.c.h; path = hsp3code.h; sourceTree = "<group>"; };
		1E9123B4282E47530012AF56 /* hspvar_double.cpp */ = {isa = PBXFileReference; fileEncoding = 4; lastKnownFileType = sourcecode.cpp.cpp; path = hspvar_double.cpp; sourceTree = "<group>"; };
		1E9123B5282E47530012AF56 /* strbuf.cpp */ = {isa = PBXFileReference; fileEncoding = 4; lastKnownFileType = sourcecode.cpp.cpp; path = strbuf.cpp; sourceTree = "<group>"; };
		1E9123B6282E47530012AF56 /* hsp3crypt.cpp */ = {isa = PBXFileReference; fileEncoding = 4; lastKnownFileType = sourcecode.cpp.cpp; path = hsp3crypt.cpp; sourceTree = "<group>"; };
		1E9123B7282E47530012AF56 /* hsp3debug.h */ = {isa = PBXFileReference; fileEncoding = 4; lastKnownFileType = sourcecode.c.h; path = hsp3debug.h; sourceTree = "<group>"; };
		1E9123B8282E47530012AF56 /* hsp3utfcnv.cpp */ = {isa = PBXFileReference; fileEncoding = 4; lastKnownFileType = sourcecode.cpp.cpp; path = hsp3utfcnv.cpp; sourceTree = "<group>"; };
		1E9123B9282E47530012AF56 /* stack.cpp */ = {isa = PBXFileReference; fileEncoding = 4; lastKnownFileType = sourcecode.cpp.cpp; path = stack.cpp; sourceTree = "<group>"; };
		1E9123BA282E47530012AF56 /* hspvar_label.cpp */ = {isa = PBXFileReference; fileEncoding = 4; lastKnownFileType = sourcecode.cpp.cpp; path = hspvar_label.cpp; sourceTree = "<group>"; };
		1E9123BC282E47530012AF56 /* hsp3ext_ios.cpp */ = {isa = PBXFileReference; fileEncoding = 4; lastKnownFileType = sourcecode.cpp.cpp; path = hsp3ext_ios.cpp; sourceTree = "<group>"; };
		1E9123BD282E47530012AF56 /* supio_ios.cpp */ = {isa = PBXFileReference; fileEncoding = 4; lastKnownFileType = sourcecode.cpp.cpp; path = supio_ios.cpp; sourceTree = "<group>"; };
		1E9123BF282E47530012AF56 /* hsp3ext_ios.h */ = {isa = PBXFileReference; fileEncoding = 4; lastKnownFileType = sourcecode.c.h; path = hsp3ext_ios.h; sourceTree = "<group>"; };
		1E9123C0282E47530012AF56 /* supio_ios.h */ = {isa = PBXFileReference; fileEncoding = 4; lastKnownFileType = sourcecode.c.h; path = supio_ios.h; sourceTree = "<group>"; };
		1E9123C2282E47530012AF56 /* dpmread.h */ = {isa = PBXFileReference; fileEncoding = 4; lastKnownFileType = sourcecode.c.h; path = dpmread.h; sourceTree = "<group>"; };
		1E9123C3282E47530012AF56 /* hspvar_int.cpp */ = {isa = PBXFileReference; fileEncoding = 4; lastKnownFileType = sourcecode.cpp.cpp; path = hspvar_int.cpp; sourceTree = "<group>"; };
		1E9123C4282E47530012AF56 /* strnote.cpp */ = {isa = PBXFileReference; fileEncoding = 4; lastKnownFileType = sourcecode.cpp.cpp; path = strnote.cpp; sourceTree = "<group>"; };
		1E9123C5282E47530012AF56 /* hspvar_core.cpp */ = {isa = PBXFileReference; fileEncoding = 4; lastKnownFileType = sourcecode.cpp.cpp; path = hspvar_core.cpp; sourceTree = "<group>"; };
		1E9123C6282E47530012AF56 /* hsp3debug.cpp */ = {isa = PBXFileReference; fileEncoding = 4; lastKnownFileType = sourcecode.cpp.cpp; path = hsp3debug.cpp; sourceTree = "<group>"; };
		1E9123C7282E47530012AF56 /* hsp3ext.h */ = {isa = PBXFileReference; fileEncoding = 4; lastKnownFileType = sourcecode.c.h; path = hsp3ext.h; sourceTree = "<group>"; };
		1E9123C8282E47530012AF56 /* hsp3utfcnv.h */ = {isa = PBXFileReference; fileEncoding = 4; lastKnownFileType = sourcecode.c.h; path = hsp3utfcnv.h; sourceTree = "<group>"; };
		1E9123C9282E47530012AF56 /* strnote.h */ = {isa = PBXFileReference; fileEncoding = 4; lastKnownFileType = sourcecode.c.h; path = strnote.h; sourceTree = "<group>"; };
		1E9123CA282E47530012AF56 /* stack.h */ = {isa = PBXFileReference; fileEncoding = 4; lastKnownFileType = sourcecode.c.h; path = stack.h; sourceTree = "<group>"; };
		1E9123CB282E47530012AF56 /* filepack.cpp */ = {isa = PBXFileReference; fileEncoding = 4; lastKnownFileType = sourcecode.cpp.cpp; path = filepack.cpp; sourceTree = "<group>"; };
		1E9123CC282E47530012AF56 /* hsp3config.h */ = {isa = PBXFileReference; fileEncoding = 4; lastKnownFileType = sourcecode.c.h; path = hsp3config.h; sourceTree = "<group>"; };
		1E9123CD282E47530012AF56 /* hspvar_struct.cpp */ = {isa = PBXFileReference; fileEncoding = 4; lastKnownFileType = sourcecode.cpp.cpp; path = hspvar_struct.cpp; sourceTree = "<group>"; };
		1E9123CE282E47530012AF56 /* filepack.h */ = {isa = PBXFileReference; fileEncoding = 4; lastKnownFileType = sourcecode.c.h; path = filepack.h; sourceTree = "<group>"; };
		1E9123CF282E47530012AF56 /* hsp3crypt.h */ = {isa = PBXFileReference; fileEncoding = 4; lastKnownFileType = sourcecode.c.h; path = hsp3crypt.h; sourceTree = "<group>"; };
		1E9123D0282E47530012AF56 /* hspvar_label.h */ = {isa = PBXFileReference; fileEncoding = 4; lastKnownFileType = sourcecode.c.h; path = hspvar_label.h; sourceTree = "<group>"; };
		1E9123D1282E47530012AF56 /* supio.h */ = {isa = PBXFileReference; fileEncoding = 4; lastKnownFileType = sourcecode.c.h; path = supio.h; sourceTree = "<group>"; };
		1E9123D2282E47530012AF56 /* hspvar_core.h */ = {isa = PBXFileReference; fileEncoding = 4; lastKnownFileType = sourcecode.c.h; path = hspvar_core.h; sourceTree = "<group>"; };
		1E9123D3282E47530012AF56 /* hsp3struct.h */ = {isa = PBXFileReference; fileEncoding = 4; lastKnownFileType = sourcecode.c.h; path = hsp3struct.h; sourceTree = "<group>"; };
		1E9123D6282E47530012AF56 /* vessel.cpp */ = {isa = PBXFileReference; fileEncoding = 4; lastKnownFileType = sourcecode.cpp.cpp; path = vessel.cpp; sourceTree = "<group>"; };
		1E9123D7282E47530012AF56 /* OBAQlicense.txt */ = {isa = PBXFileReference; fileEncoding = 4; lastKnownFileType = text; path = OBAQlicense.txt; sourceTree = "<group>"; };
		1E9123D8282E47530012AF56 /* rock.h */ = {isa = PBXFileReference; fileEncoding = 4; lastKnownFileType = sourcecode.c.h; path = rock.h; sourceTree = "<group>"; };
		1E9123D9282E47530012AF56 /* gamePhysics.h */ = {isa = PBXFileReference; fileEncoding = 4; lastKnownFileType = sourcecode.c.h; path = gamePhysics.h; sourceTree = "<group>"; };
		1E9123DA282E47530012AF56 /* vessel.h */ = {isa = PBXFileReference; fileEncoding = 4; lastKnownFileType = sourcecode.c.h; path = vessel.h; sourceTree = "<group>"; };
		1E9123DB282E47530012AF56 /* rock.cpp */ = {isa = PBXFileReference; fileEncoding = 4; lastKnownFileType = sourcecode.cpp.cpp; path = rock.cpp; sourceTree = "<group>"; };
		1E9123DC282E47530012AF56 /* ptttypes.h */ = {isa = PBXFileReference; fileEncoding = 4; lastKnownFileType = sourcecode.c.h; path = ptttypes.h; sourceTree = "<group>"; };
		1E9123DE282E47530012AF56 /* hspwnd_dish.cpp */ = {isa = PBXFileReference; fileEncoding = 4; lastKnownFileType = sourcecode.cpp.cpp; path = hspwnd_dish.cpp; sourceTree = "<group>"; };
		1E9123DF282E47530012AF56 /* hspwnd_edit.cpp */ = {isa = PBXFileReference; fileEncoding = 4; lastKnownFileType = sourcecode.cpp.cpp; path = hspwnd_edit.cpp; sourceTree = "<group>"; };
		1E9123E0282E47530012AF56 /* geometry.cpp */ = {isa = PBXFileReference; fileEncoding = 4; lastKnownFileType = sourcecode.cpp.cpp; path = geometry.cpp; sourceTree = "<group>"; };
		1E9123E2282E47530012AF56 /* hsp3dw.cpp */ = {isa = PBXFileReference; fileEncoding = 4; lastKnownFileType = sourcecode.cpp.cpp; path = hsp3dw.cpp; sourceTree = "<group>"; };
		1E9123E3282E47530012AF56 /* omkedraw.cpp */ = {isa = PBXFileReference; fileEncoding = 4; lastKnownFileType = sourcecode.cpp.cpp; path = omkedraw.cpp; sourceTree = "<group>"; };
		1E9123E4282E47530012AF56 /* game.h */ = {isa = PBXFileReference; fileEncoding = 4; lastKnownFileType = sourcecode.c.h; path = game.h; sourceTree = "<group>"; };
		1E9123E5282E47530012AF56 /* omkedraw.h */ = {isa = PBXFileReference; fileEncoding = 4; lastKnownFileType = sourcecode.c.h; path = omkedraw.h; sourceTree = "<group>"; };
		1E9123E6282E47530012AF56 /* hsp3dw.h */ = {isa = PBXFileReference; fileEncoding = 4; lastKnownFileType = sourcecode.c.h; path = hsp3dw.h; sourceTree = "<group>"; };
		1E9123E7282E47530012AF56 /* game.cpp */ = {isa = PBXFileReference; fileEncoding = 4; lastKnownFileType = sourcecode.cpp.cpp; path = game.cpp; sourceTree = "<group>"; };
		1E9123E8282E47530012AF56 /* essprite.cpp */ = {isa = PBXFileReference; fileEncoding = 4; lastKnownFileType = sourcecode.cpp.cpp; path = essprite.cpp; sourceTree = "<group>"; };
		1E9123E9282E47530012AF56 /* hgio.h */ = {isa = PBXFileReference; fileEncoding = 4; lastKnownFileType = sourcecode.c.h; path = hgio.h; sourceTree = "<group>"; };
		1E9123EA282E47530012AF56 /* random.cpp */ = {isa = PBXFileReference; fileEncoding = 4; lastKnownFileType = sourcecode.cpp.cpp; path = random.cpp; sourceTree = "<group>"; };
		1E9123EB282E47530012AF56 /* texmes.h */ = {isa = PBXFileReference; fileEncoding = 4; lastKnownFileType = sourcecode.c.h; path = texmes.h; sourceTree = "<group>"; };
		1E9123EC282E47530012AF56 /* hspwnd_dish.h */ = {isa = PBXFileReference; fileEncoding = 4; lastKnownFileType = sourcecode.c.h; path = hspwnd_dish.h; sourceTree = "<group>"; };
		1E9123ED282E47530012AF56 /* sysreq.cpp */ = {isa = PBXFileReference; fileEncoding = 4; lastKnownFileType = sourcecode.cpp.cpp; path = sysreq.cpp; sourceTree = "<group>"; };
		1E9123EE282E47530012AF56 /* hspwnd.h */ = {isa = PBXFileReference; fileEncoding = 4; lastKnownFileType = sourcecode.c.h; path = hspwnd.h; sourceTree = "<group>"; };
		1E9123F0282E47530012AF56 /* mmman.h */ = {isa = PBXFileReference; fileEncoding = 4; lastKnownFileType = sourcecode.c.h; path = mmman.h; sourceTree = "<group>"; };
		1E9123F1282E47530012AF56 /* webtask_ios.h */ = {isa = PBXFileReference; fileEncoding = 4; lastKnownFileType = sourcecode.c.h; path = webtask_ios.h; sourceTree = "<group>"; };
		1E9123F2282E47530012AF56 /* mmman.mm */ = {isa = PBXFileReference; fileEncoding = 4; lastKnownFileType = sourcecode.cpp.objcpp; path = mmman.mm; sourceTree = "<group>"; };
		1E9123F3282E47530012AF56 /* webtask_ios.cpp */ = {isa = PBXFileReference; fileEncoding = 4; lastKnownFileType = sourcecode.cpp.cpp; path = webtask_ios.cpp; sourceTree = "<group>"; };
		1E9123F4282E47530012AF56 /* hsp3gr_dish.h */ = {isa = PBXFileReference; fileEncoding = 4; lastKnownFileType = sourcecode.c.h; path = hsp3gr_dish.h; sourceTree = "<group>"; };
		1E9123F6282E47530012AF56 /* stb_image.c */ = {isa = PBXFileReference; fileEncoding = 4; lastKnownFileType = sourcecode.c.c; path = stb_image.c; sourceTree = "<group>"; };
		1E9123F8282E47530012AF56 /* fontsystem.cpp */ = {isa = PBXFileReference; fileEncoding = 4; lastKnownFileType = sourcecode.cpp.cpp; path = fontsystem.cpp; sourceTree = "<group>"; };
		1E9123F9282E47530012AF56 /* fontsystem.h */ = {isa = PBXFileReference; fileEncoding = 4; lastKnownFileType = sourcecode.c.h; path = fontsystem.h; sourceTree = "<group>"; };
		1E9123FA282E47530012AF56 /* hgiox.h */ = {isa = PBXFileReference; fileEncoding = 4; lastKnownFileType = sourcecode.c.h; path = hgiox.h; sourceTree = "<group>"; };
		1E9123FB282E47530012AF56 /* font_data.h */ = {isa = PBXFileReference; fileEncoding = 4; lastKnownFileType = sourcecode.c.h; path = font_data.h; sourceTree = "<group>"; };
		1E9123FC282E47530012AF56 /* stb_image.h */ = {isa = PBXFileReference; fileEncoding = 4; lastKnownFileType = sourcecode.c.h; path = stb_image.h; sourceTree = "<group>"; };
		1E9123FE282E47530012AF56 /* hgtex.cpp */ = {isa = PBXFileReference; fileEncoding = 4; lastKnownFileType = sourcecode.cpp.cpp; path = hgtex.cpp; sourceTree = "<group>"; };
		1E9123FF282E47530012AF56 /* hgtex.h */ = {isa = PBXFileReference; fileEncoding = 4; lastKnownFileType = sourcecode.c.h; path = hgtex.h; sourceTree = "<group>"; };
		1E912400282E47530012AF56 /* hgiox.cpp */ = {isa = PBXFileReference; fileEncoding = 4; lastKnownFileType = sourcecode.cpp.cpp; path = hgiox.cpp; sourceTree = "<group>"; };
		1E912401282E47530012AF56 /* hsp3ext.h */ = {isa = PBXFileReference; fileEncoding = 4; lastKnownFileType = sourcecode.c.h; path = hsp3ext.h; sourceTree = "<group>"; };
		1E912402282E47530012AF56 /* hsp3gr_dish.cpp */ = {isa = PBXFileReference; fileEncoding = 4; lastKnownFileType = sourcecode.cpp.cpp; path = hsp3gr_dish.cpp; sourceTree = "<group>"; };
		1E912403282E47530012AF56 /* hspwnd_obj.cpp */ = {isa = PBXFileReference; fileEncoding = 4; lastKnownFileType = sourcecode.cpp.cpp; path = hspwnd_obj.cpp; sourceTree = "<group>"; };
		1E912404282E47530012AF56 /* essprite.h */ = {isa = PBXFileReference; fileEncoding = 4; lastKnownFileType = sourcecode.c.h; path = essprite.h; sourceTree = "<group>"; };
		1E912405282E47530012AF56 /* hsp3gr.h */ = {isa = PBXFileReference; fileEncoding = 4; lastKnownFileType = sourcecode.c.h; path = hsp3gr.h; sourceTree = "<group>"; };
		1E912406282E47530012AF56 /* texmes.cpp */ = {isa = PBXFileReference; fileEncoding = 4; lastKnownFileType = sourcecode.cpp.cpp; path = texmes.cpp; sourceTree = "<group>"; };
		1E912407282E47530012AF56 /* sysreq.h */ = {isa = PBXFileReference; fileEncoding = 4; lastKnownFileType = sourcecode.c.h; path = sysreq.h; sourceTree = "<group>"; };
		1E912408282E47530012AF56 /* supio.h */ = {isa = PBXFileReference; fileEncoding = 4; lastKnownFileType = sourcecode.c.h; path = supio.h; sourceTree = "<group>"; };
		1E912409282E47530012AF56 /* random.h */ = {isa = PBXFileReference; fileEncoding = 4; lastKnownFileType = sourcecode.c.h; path = random.h; sourceTree = "<group>"; };
		1E91240A282E47530012AF56 /* geometry.h */ = {isa = PBXFileReference; fileEncoding = 4; lastKnownFileType = sourcecode.c.h; path = geometry.h; sourceTree = "<group>"; };
		1E91240B282E47530012AF56 /* webtask.h */ = {isa = PBXFileReference; fileEncoding = 4; lastKnownFileType = sourcecode.c.h; path = webtask.h; sourceTree = "<group>"; };
		1E91240E282E47530012AF56 /* misc.h */ = {isa = PBXFileReference; fileEncoding = 4; lastKnownFileType = sourcecode.c.h; path = misc.h; sourceTree = "<group>"; };
		1E91240F282E47530012AF56 /* hsp3code.cpp */ = {isa = PBXFileReference; fileEncoding = 4; lastKnownFileType = sourcecode.cpp.cpp; path = hsp3code.cpp; sourceTree = "<group>"; };
		1E912410282E47530012AF56 /* hspvar_util.h */ = {isa = PBXFileReference; fileEncoding = 4; lastKnownFileType = sourcecode.c.h; path = hspvar_util.h; sourceTree = "<group>"; };
		1E912411282E47530012AF56 /* hsp3embed.h */ = {isa = PBXFileReference; fileEncoding = 4; lastKnownFileType = sourcecode.c.h; path = hsp3embed.h; sourceTree = "<group>"; };
		1E912412282E47530012AF56 /* hsp3r.cpp */ = {isa = PBXFileReference; fileEncoding = 4; lastKnownFileType = sourcecode.cpp.cpp; path = hsp3r.cpp; sourceTree = "<group>"; };
		1E912413282E47530012AF56 /* hsp3embed.cpp */ = {isa = PBXFileReference; fileEncoding = 4; lastKnownFileType = sourcecode.cpp.cpp; path = hsp3embed.cpp; sourceTree = "<group>"; };
		1E912414282E47530012AF56 /* misc.mm */ = {isa = PBXFileReference; fileEncoding = 4; lastKnownFileType = sourcecode.cpp.objcpp; path = misc.mm; sourceTree = "<group>"; };
		1E912415282E47530012AF56 /* hspvar_util.cpp */ = {isa = PBXFileReference; fileEncoding = 4; lastKnownFileType = sourcecode.cpp.cpp; path = hspvar_util.cpp; sourceTree = "<group>"; };
		1E912416282E47530012AF56 /* hspsource.cpp */ = {isa = PBXFileReference; fileEncoding = 4; lastKnownFileType = sourcecode.cpp.cpp; path = hspsource.cpp; sourceTree = "<group>"; };
		1E912417282E47530012AF56 /* hsp3r.h */ = {isa = PBXFileReference; fileEncoding = 4; lastKnownFileType = sourcecode.c.h; path = hsp3r.h; sourceTree = "<group>"; };
		1EA5558C189A462D00344013 /* icon57.png */ = {isa = PBXFileReference; lastKnownFileType = image.png; path = icon57.png; sourceTree = "<group>"; };
		1EA5558D189A462D00344013 /* icon58.png */ = {isa = PBXFileReference; lastKnownFileType = image.png; path = icon58.png; sourceTree = "<group>"; };
		1EA5558E189A462D00344013 /* icon120.png */ = {isa = PBXFileReference; lastKnownFileType = image.png; path = icon120.png; sourceTree = "<group>"; };
/* End PBXFileReference section */

/* Begin PBXFrameworksBuildPhase section */
		1E480DA81859C4540052A2F2 /* Frameworks */ = {
			isa = PBXFrameworksBuildPhase;
			buildActionMask = 2147483647;
			files = (
				1E480DE21859C4A60052A2F2 /* AudioToolbox.framework in Frameworks */,
				1E480DE31859C4A60052A2F2 /* iAd.framework in Frameworks */,
				1E480DE41859C4A60052A2F2 /* OpenAL.framework in Frameworks */,
				1E480DE51859C4A60052A2F2 /* OpenGLES.framework in Frameworks */,
				1E480DE61859C4A60052A2F2 /* QuartzCore.framework in Frameworks */,
				1E480DB11859C4540052A2F2 /* CoreGraphics.framework in Frameworks */,
				1E480DB31859C4540052A2F2 /* UIKit.framework in Frameworks */,
				1E480DAF1859C4540052A2F2 /* Foundation.framework in Frameworks */,
			);
			runOnlyForDeploymentPostprocessing = 0;
		};
/* End PBXFrameworksBuildPhase section */

/* Begin PBXGroup section */
		1E480DA21859C4540052A2F2 = {
			isa = PBXGroup;
			children = (
				1E480DB41859C4540052A2F2 /* hspproj */,
				1E480DAD1859C4540052A2F2 /* Frameworks */,
				1E480DAC1859C4540052A2F2 /* Products */,
			);
			sourceTree = "<group>";
		};
		1E480DAC1859C4540052A2F2 /* Products */ = {
			isa = PBXGroup;
			children = (
				1E480DAB1859C4540052A2F2 /* hspproj.app */,
			);
			name = Products;
			sourceTree = "<group>";
		};
		1E480DAD1859C4540052A2F2 /* Frameworks */ = {
			isa = PBXGroup;
			children = (
				1E480DDD1859C4A60052A2F2 /* AudioToolbox.framework */,
				1E480DDE1859C4A60052A2F2 /* iAd.framework */,
				1E480DDF1859C4A60052A2F2 /* OpenAL.framework */,
				1E480DE01859C4A60052A2F2 /* OpenGLES.framework */,
				1E480DE11859C4A60052A2F2 /* QuartzCore.framework */,
				1E480DAE1859C4540052A2F2 /* Foundation.framework */,
				1E480DB01859C4540052A2F2 /* CoreGraphics.framework */,
				1E480DB21859C4540052A2F2 /* UIKit.framework */,
			);
			name = Frameworks;
			sourceTree = "<group>";
		};
		1E480DB41859C4540052A2F2 /* hspproj */ = {
			isa = PBXGroup;
			children = (
				1E91239D282E47530012AF56 /* Classes */,
				1E9123AD282E47530012AF56 /* hsp3 */,
				1E9123DD282E47530012AF56 /* hsp3dish */,
				1E91240C282E47530012AF56 /* hsp3embed */,
				1E9123D4282E47530012AF56 /* obaq */,
				1E0417D0189A70E5003F87D6 /* Default-568h@2x.png */,
				1E0417D1189A70E5003F87D6 /* Default.png */,
				1E0417D2189A70E5003F87D6 /* Default@2x.png */,
				1EA5558C189A462D00344013 /* icon57.png */,
				1EA5558D189A462D00344013 /* icon58.png */,
				1EA5558E189A462D00344013 /* icon120.png */,
				1E63B6F3185B189D00E311DC /* Resources */,
				1E480DBD1859C4540052A2F2 /* AppDelegate.h */,
				1E480DBE1859C4540052A2F2 /* AppDelegate.m */,
				1E480DB51859C4540052A2F2 /* Supporting Files */,
			);
			path = hspproj;
			sourceTree = "<group>";
		};
		1E480DB51859C4540052A2F2 /* Supporting Files */ = {
			isa = PBXGroup;
			children = (
				1E480DB61859C4540052A2F2 /* hspproj-Info.plist */,
				1E480DB71859C4540052A2F2 /* InfoPlist.strings */,
				1E480DBA1859C4540052A2F2 /* main.m */,
				1E480DBC1859C4540052A2F2 /* hspproj-Prefix.pch */,
			);
			name = "Supporting Files";
			sourceTree = "<group>";
		};
		1E63B6F3185B189D00E311DC /* Resources */ = {
			isa = PBXGroup;
			children = (
			);
			path = Resources;
			sourceTree = "<group>";
		};
		1E91239D282E47530012AF56 /* Classes */ = {
			isa = PBXGroup;
			children = (
				1E91239F282E47530012AF56 /* HspViewController.mm */,
				1E9123A0282E47530012AF56 /* iOSBridge.h */,
				1E9123A1282E47530012AF56 /* Image.mm */,
				1E9123A2282E47530012AF56 /* Canvas.mm */,
				1E9123A3282E47530012AF56 /* HspView.mm */,
				1E9123A5282E47530012AF56 /* iOSBridge.mm */,
				1E9123A6282E47530012AF56 /* HspViewController.h */,
				1E9123A7282E47530012AF56 /* HspView.h */,
				1E9123A9282E47530012AF56 /* Graphics.mm */,
				1E9123AA282E47530012AF56 /* Graphics.h */,
				1E9123AB282E47530012AF56 /* Canvas.h */,
				1E9123AC282E47530012AF56 /* Image.h */,
			);
			path = Classes;
			sourceTree = "<group>";
		};
		1E9123AD282E47530012AF56 /* hsp3 */ = {
			isa = PBXGroup;
			children = (
				1E9123AE282E47530012AF56 /* hsp3int.cpp */,
				1E9123AF282E47530012AF56 /* strbuf.h */,
				1E9123B0282E47530012AF56 /* hspvar_str.cpp */,
				1E9123B1282E47530012AF56 /* dpmread.cpp */,
				1E9123B2282E47530012AF56 /* hsp3int.h */,
				1E9123B3282E47530012AF56 /* hsp3code.h */,
				1E9123B4282E47530012AF56 /* hspvar_double.cpp */,
				1E9123B5282E47530012AF56 /* strbuf.cpp */,
				1E9123B6282E47530012AF56 /* hsp3crypt.cpp */,
				1E9123B7282E47530012AF56 /* hsp3debug.h */,
				1E9123B8282E47530012AF56 /* hsp3utfcnv.cpp */,
				1E9123B9282E47530012AF56 /* stack.cpp */,
				1E9123BA282E47530012AF56 /* hspvar_label.cpp */,
				1E9123BB282E47530012AF56 /* ios */,
				1E9123C2282E47530012AF56 /* dpmread.h */,
				1E9123C3282E47530012AF56 /* hspvar_int.cpp */,
				1E9123C4282E47530012AF56 /* strnote.cpp */,
				1E9123C5282E47530012AF56 /* hspvar_core.cpp */,
				1E9123C6282E47530012AF56 /* hsp3debug.cpp */,
				1E9123C7282E47530012AF56 /* hsp3ext.h */,
				1E9123C8282E47530012AF56 /* hsp3utfcnv.h */,
				1E9123C9282E47530012AF56 /* strnote.h */,
				1E9123CA282E47530012AF56 /* stack.h */,
				1E9123CB282E47530012AF56 /* filepack.cpp */,
				1E9123CC282E47530012AF56 /* hsp3config.h */,
				1E9123CD282E47530012AF56 /* hspvar_struct.cpp */,
				1E9123CE282E47530012AF56 /* filepack.h */,
				1E9123CF282E47530012AF56 /* hsp3crypt.h */,
				1E9123D0282E47530012AF56 /* hspvar_label.h */,
				1E9123D1282E47530012AF56 /* supio.h */,
				1E9123D2282E47530012AF56 /* hspvar_core.h */,
				1E9123D3282E47530012AF56 /* hsp3struct.h */,
			);
			path = hsp3;
			sourceTree = "<group>";
		};
		1E9123BB282E47530012AF56 /* ios */ = {
			isa = PBXGroup;
			children = (
				1E9123BC282E47530012AF56 /* hsp3ext_ios.cpp */,
				1E9123BD282E47530012AF56 /* supio_ios.cpp */,
				1E9123BF282E47530012AF56 /* hsp3ext_ios.h */,
				1E9123C0282E47530012AF56 /* supio_ios.h */,
			);
			path = ios;
			sourceTree = "<group>";
		};
		1E9123D4282E47530012AF56 /* obaq */ = {
			isa = PBXGroup;
			children = (
				1E9123D5282E47530012AF56 /* physics */,
			);
			path = obaq;
			sourceTree = "<group>";
		};
		1E9123D5282E47530012AF56 /* physics */ = {
			isa = PBXGroup;
			children = (
				1E9123D6282E47530012AF56 /* vessel.cpp */,
				1E9123D7282E47530012AF56 /* OBAQlicense.txt */,
				1E9123D8282E47530012AF56 /* rock.h */,
				1E9123D9282E47530012AF56 /* gamePhysics.h */,
				1E9123DA282E47530012AF56 /* vessel.h */,
				1E9123DB282E47530012AF56 /* rock.cpp */,
				1E9123DC282E47530012AF56 /* ptttypes.h */,
			);
			path = physics;
			sourceTree = "<group>";
		};
		1E9123DD282E47530012AF56 /* hsp3dish */ = {
			isa = PBXGroup;
			children = (
				1E9123DE282E47530012AF56 /* hspwnd_dish.cpp */,
				1E9123DF282E47530012AF56 /* hspwnd_edit.cpp */,
				1E9123E0282E47530012AF56 /* geometry.cpp */,
				1E9123E1282E47530012AF56 /* obaq */,
				1E9123E8282E47530012AF56 /* essprite.cpp */,
				1E9123E9282E47530012AF56 /* hgio.h */,
				1E9123EA282E47530012AF56 /* random.cpp */,
				1E9123EB282E47530012AF56 /* texmes.h */,
				1E9123EC282E47530012AF56 /* hspwnd_dish.h */,
				1E9123ED282E47530012AF56 /* sysreq.cpp */,
				1E9123EE282E47530012AF56 /* hspwnd.h */,
				1E9123EF282E47530012AF56 /* ios */,
				1E9123F4282E47530012AF56 /* hsp3gr_dish.h */,
				1E9123F5282E47530012AF56 /* emscripten */,
				1E912401282E47530012AF56 /* hsp3ext.h */,
				1E912402282E47530012AF56 /* hsp3gr_dish.cpp */,
				1E912403282E47530012AF56 /* hspwnd_obj.cpp */,
				1E912404282E47530012AF56 /* essprite.h */,
				1E912405282E47530012AF56 /* hsp3gr.h */,
				1E912406282E47530012AF56 /* texmes.cpp */,
				1E912407282E47530012AF56 /* sysreq.h */,
				1E912408282E47530012AF56 /* supio.h */,
				1E912409282E47530012AF56 /* random.h */,
				1E91240A282E47530012AF56 /* geometry.h */,
				1E91240B282E47530012AF56 /* webtask.h */,
			);
			path = hsp3dish;
			sourceTree = "<group>";
		};
		1E9123E1282E47530012AF56 /* obaq */ = {
			isa = PBXGroup;
			children = (
				1E9123E2282E47530012AF56 /* hsp3dw.cpp */,
				1E9123E3282E47530012AF56 /* omkedraw.cpp */,
				1E9123E4282E47530012AF56 /* game.h */,
				1E9123E5282E47530012AF56 /* omkedraw.h */,
				1E9123E6282E47530012AF56 /* hsp3dw.h */,
				1E9123E7282E47530012AF56 /* game.cpp */,
			);
			path = obaq;
			sourceTree = "<group>";
		};
		1E9123EF282E47530012AF56 /* ios */ = {
			isa = PBXGroup;
			children = (
				1E9123F0282E47530012AF56 /* mmman.h */,
				1E9123F1282E47530012AF56 /* webtask_ios.h */,
				1E9123F2282E47530012AF56 /* mmman.mm */,
				1E9123F3282E47530012AF56 /* webtask_ios.cpp */,
			);
			path = ios;
			sourceTree = "<group>";
		};
		1E9123F5282E47530012AF56 /* emscripten */ = {
			isa = PBXGroup;
			children = (
				1E9123F6282E47530012AF56 /* stb_image.c */,
				1E9123F8282E47530012AF56 /* fontsystem.cpp */,
				1E9123F9282E47530012AF56 /* fontsystem.h */,
				1E9123FA282E47530012AF56 /* hgiox.h */,
				1E9123FB282E47530012AF56 /* font_data.h */,
				1E9123FC282E47530012AF56 /* stb_image.h */,
				1E9123FE282E47530012AF56 /* hgtex.cpp */,
				1E9123FF282E47530012AF56 /* hgtex.h */,
				1E912400282E47530012AF56 /* hgiox.cpp */,
			);
			path = emscripten;
			sourceTree = "<group>";
		};
		1E91240C282E47530012AF56 /* hsp3embed */ = {
			isa = PBXGroup;
			children = (
				1E91240E282E47530012AF56 /* misc.h */,
				1E91240F282E47530012AF56 /* hsp3code.cpp */,
				1E912410282E47530012AF56 /* hspvar_util.h */,
				1E912411282E47530012AF56 /* hsp3embed.h */,
				1E912412282E47530012AF56 /* hsp3r.cpp */,
				1E912413282E47530012AF56 /* hsp3embed.cpp */,
				1E912414282E47530012AF56 /* misc.mm */,
				1E912415282E47530012AF56 /* hspvar_util.cpp */,
				1E912416282E47530012AF56 /* hspsource.cpp */,
				1E912417282E47530012AF56 /* hsp3r.h */,
			);
			path = hsp3embed;
			sourceTree = "<group>";
		};
/* End PBXGroup section */

/* Begin PBXNativeTarget section */
		1E480DAA1859C4540052A2F2 /* hspproj */ = {
			isa = PBXNativeTarget;
			buildConfigurationList = 1E480DD71859C4540052A2F2 /* Build configuration list for PBXNativeTarget "hspproj" */;
			buildPhases = (
				1E480DA71859C4540052A2F2 /* Sources */,
				1E480DA81859C4540052A2F2 /* Frameworks */,
				1E480DA91859C4540052A2F2 /* Resources */,
			);
			buildRules = (
			);
			dependencies = (
			);
			name = hspproj;
			productName = hspproj;
			productReference = 1E480DAB1859C4540052A2F2 /* hspproj.app */;
			productType = "com.apple.product-type.application";
		};
/* End PBXNativeTarget section */

/* Begin PBXProject section */
		1E480DA31859C4540052A2F2 /* Project object */ = {
			isa = PBXProject;
			attributes = {
				LastUpgradeCheck = 0500;
				ORGANIZATIONNAME = hsp3dish;
				TargetAttributes = {
					1E480DAA1859C4540052A2F2 = {
						DevelopmentTeam = 5FH2J53M7P;
						ProvisioningStyle = Automatic;
					};
				};
			};
			buildConfigurationList = 1E480DA61859C4540052A2F2 /* Build configuration list for PBXProject "hspproj" */;
			compatibilityVersion = "Xcode 3.2";
			developmentRegion = English;
			hasScannedForEncodings = 0;
			knownRegions = (
				English,
				en,
				ja,
			);
			mainGroup = 1E480DA21859C4540052A2F2;
			productRefGroup = 1E480DAC1859C4540052A2F2 /* Products */;
			projectDirPath = "";
			projectRoot = "";
			targets = (
				1E480DAA1859C4540052A2F2 /* hspproj */,
			);
		};
/* End PBXProject section */

/* Begin PBXResourcesBuildPhase section */
		1E480DA91859C4540052A2F2 /* Resources */ = {
			isa = PBXResourcesBuildPhase;
			buildActionMask = 2147483647;
			files = (
				1EA55590189A462D00344013 /* icon58.png in Resources */,
				1E0417D4189A70E5003F87D6 /* Default.png in Resources */,
				1EA5558F189A462D00344013 /* icon57.png in Resources */,
				1E912433282E47530012AF56 /* OBAQlicense.txt in Resources */,
				1EA55591189A462D00344013 /* icon120.png in Resources */,
				1E0417D3189A70E5003F87D6 /* Default-568h@2x.png in Resources */,
				1E0417D5189A70E5003F87D6 /* Default@2x.png in Resources */,
				1E480DB91859C4540052A2F2 /* InfoPlist.strings in Resources */,
			);
			runOnlyForDeploymentPostprocessing = 0;
		};
/* End PBXResourcesBuildPhase section */

/* Begin PBXSourcesBuildPhase section */
		1E480DA71859C4540052A2F2 /* Sources */ = {
			isa = PBXSourcesBuildPhase;
			buildActionMask = 2147483647;
			files = (
				1E912422282E47530012AF56 /* dpmread.cpp in Sources */,
				1E91241B282E47530012AF56 /* HspView.mm in Sources */,
				1E912438282E47530012AF56 /* hsp3dw.cpp in Sources */,
				1E912447282E47530012AF56 /* texmes.cpp in Sources */,
				1E91244D282E47530012AF56 /* hspvar_util.cpp in Sources */,
				1E91241A282E47530012AF56 /* Canvas.mm in Sources */,
				1E912444282E47530012AF56 /* hgiox.cpp in Sources */,
				1E912440282E47530012AF56 /* stb_image.c in Sources */,
				1E91243B282E47530012AF56 /* essprite.cpp in Sources */,
				1E91242E282E47530012AF56 /* hspvar_core.cpp in Sources */,
				1E91242F282E47530012AF56 /* hsp3debug.cpp in Sources */,
				1E91243C282E47530012AF56 /* random.cpp in Sources */,
				1E912423282E47530012AF56 /* hspvar_double.cpp in Sources */,
				1E912421282E47530012AF56 /* hspvar_str.cpp in Sources */,
				1E912446282E47530012AF56 /* hspwnd_obj.cpp in Sources */,
				1E912434282E47530012AF56 /* rock.cpp in Sources */,
				1E480DBF1859C4540052A2F2 /* AppDelegate.m in Sources */,
				1E91243A282E47530012AF56 /* game.cpp in Sources */,
				1E912449282E47530012AF56 /* hsp3code.cpp in Sources */,
				1E91241D282E47530012AF56 /* iOSBridge.mm in Sources */,
				1E912424282E47530012AF56 /* strbuf.cpp in Sources */,
				1E91244A282E47530012AF56 /* hsp3r.cpp in Sources */,
				1E912429282E47530012AF56 /* hsp3ext_ios.cpp in Sources */,
				1E912420282E47530012AF56 /* hsp3int.cpp in Sources */,
				1E912427282E47530012AF56 /* stack.cpp in Sources */,
				1E912428282E47530012AF56 /* hspvar_label.cpp in Sources */,
				1E91244C282E47530012AF56 /* misc.mm in Sources */,
				1E912418282E47530012AF56 /* HspViewController.mm in Sources */,
				1E480DBB1859C4540052A2F2 /* main.m in Sources */,
				1E91241F282E47530012AF56 /* Graphics.mm in Sources */,
				1E91244E282E47530012AF56 /* hspsource.cpp in Sources */,
				1E912425282E47530012AF56 /* hsp3crypt.cpp in Sources */,
				1E912432282E47530012AF56 /* vessel.cpp in Sources */,
				1E91242A282E47530012AF56 /* supio_ios.cpp in Sources */,
				1E91242D282E47530012AF56 /* strnote.cpp in Sources */,
				1E912430282E47530012AF56 /* filepack.cpp in Sources */,
				1E912436282E47530012AF56 /* hspwnd_edit.cpp in Sources */,
				1E91244B282E47530012AF56 /* hsp3embed.cpp in Sources */,
				1E91243E282E47530012AF56 /* mmman.mm in Sources */,
				1E912437282E47530012AF56 /* geometry.cpp in Sources */,
				1E912419282E47530012AF56 /* Image.mm in Sources */,
				1E912441282E47530012AF56 /* fontsystem.cpp in Sources */,
				1E912445282E47530012AF56 /* hsp3gr_dish.cpp in Sources */,
				1E912426282E47530012AF56 /* hsp3utfcnv.cpp in Sources */,
				1E912443282E47530012AF56 /* hgtex.cpp in Sources */,
				1E91243F282E47530012AF56 /* webtask_ios.cpp in Sources */,
				1E91242C282E47530012AF56 /* hspvar_int.cpp in Sources */,
				1E91243D282E47530012AF56 /* sysreq.cpp in Sources */,
				1E912435282E47530012AF56 /* hspwnd_dish.cpp in Sources */,
				1E912439282E47530012AF56 /* omkedraw.cpp in Sources */,
				1E912431282E47530012AF56 /* hspvar_struct.cpp in Sources */,
			);
			runOnlyForDeploymentPostprocessing = 0;
		};
/* End PBXSourcesBuildPhase section */

/* Begin PBXVariantGroup section */
		1E480DB71859C4540052A2F2 /* InfoPlist.strings */ = {
			isa = PBXVariantGroup;
			children = (
				1E480DB81859C4540052A2F2 /* en */,
				1E63B6F2185B17B600E311DC /* ja */,
			);
			name = InfoPlist.strings;
			sourceTree = "<group>";
		};
/* End PBXVariantGroup section */

/* Begin XCBuildConfiguration section */
		1E480DD51859C4540052A2F2 /* Debug */ = {
			isa = XCBuildConfiguration;
			buildSettings = {
				ALWAYS_SEARCH_USER_PATHS = NO;
				ARCHS = "$(ARCHS_STANDARD)";
				CLANG_CXX_LANGUAGE_STANDARD = "gnu++0x";
				CLANG_CXX_LIBRARY = "libc++";
				CLANG_ENABLE_MODULES = YES;
				CLANG_ENABLE_OBJC_ARC = YES;
				CLANG_WARN_BOOL_CONVERSION = YES;
				CLANG_WARN_CONSTANT_CONVERSION = YES;
				CLANG_WARN_DIRECT_OBJC_ISA_USAGE = YES_ERROR;
				CLANG_WARN_EMPTY_BODY = YES;
				CLANG_WARN_ENUM_CONVERSION = YES;
				CLANG_WARN_INT_CONVERSION = YES;
				CLANG_WARN_OBJC_ROOT_CLASS = YES_ERROR;
				CLANG_WARN__DUPLICATE_METHOD_MATCH = YES;
				CODE_SIGN_IDENTITY = "iPhone Developer";
				"CODE_SIGN_IDENTITY[sdk=iphoneos*]" = "iPhone Developer: Yasushi Takeda (WZR8TP57UZ)";
				COPY_PHASE_STRIP = NO;
				GCC_C_LANGUAGE_STANDARD = gnu99;
				GCC_DYNAMIC_NO_PIC = NO;
				GCC_OPTIMIZATION_LEVEL = 0;
				GCC_PREPROCESSOR_DEFINITIONS = (
					"DEBUG=1",
					"$(inherited)",
				);
				GCC_SYMBOLS_PRIVATE_EXTERN = NO;
				GCC_WARN_64_TO_32_BIT_CONVERSION = YES;
				GCC_WARN_ABOUT_RETURN_TYPE = YES_ERROR;
				GCC_WARN_UNDECLARED_SELECTOR = YES;
				GCC_WARN_UNINITIALIZED_AUTOS = YES;
				GCC_WARN_UNUSED_FUNCTION = YES;
				GCC_WARN_UNUSED_VARIABLE = YES;
				IPHONEOS_DEPLOYMENT_TARGET = 10.3;
				ONLY_ACTIVE_ARCH = YES;
				SDKROOT = iphoneos;
			};
			name = Debug;
		};
		1E480DD61859C4540052A2F2 /* Release */ = {
			isa = XCBuildConfiguration;
			buildSettings = {
				ALWAYS_SEARCH_USER_PATHS = NO;
				ARCHS = "$(ARCHS_STANDARD)";
				CLANG_CXX_LANGUAGE_STANDARD = "gnu++0x";
				CLANG_CXX_LIBRARY = "libc++";
				CLANG_ENABLE_MODULES = YES;
				CLANG_ENABLE_OBJC_ARC = YES;
				CLANG_WARN_BOOL_CONVERSION = YES;
				CLANG_WARN_CONSTANT_CONVERSION = YES;
				CLANG_WARN_DIRECT_OBJC_ISA_USAGE = YES_ERROR;
				CLANG_WARN_EMPTY_BODY = YES;
				CLANG_WARN_ENUM_CONVERSION = YES;
				CLANG_WARN_INT_CONVERSION = YES;
				CLANG_WARN_OBJC_ROOT_CLASS = YES_ERROR;
				CLANG_WARN__DUPLICATE_METHOD_MATCH = YES;
				CODE_SIGN_IDENTITY = "iPhone Developer";
				"CODE_SIGN_IDENTITY[sdk=iphoneos*]" = "iPhone Developer: Yasushi Takeda (WZR8TP57UZ)";
				COPY_PHASE_STRIP = YES;
				ENABLE_NS_ASSERTIONS = NO;
				GCC_C_LANGUAGE_STANDARD = gnu99;
				GCC_WARN_64_TO_32_BIT_CONVERSION = YES;
				GCC_WARN_ABOUT_RETURN_TYPE = YES_ERROR;
				GCC_WARN_UNDECLARED_SELECTOR = YES;
				GCC_WARN_UNINITIALIZED_AUTOS = YES;
				GCC_WARN_UNUSED_FUNCTION = YES;
				GCC_WARN_UNUSED_VARIABLE = YES;
				IPHONEOS_DEPLOYMENT_TARGET = 10.3;
				SDKROOT = iphoneos;
				VALIDATE_PRODUCT = YES;
			};
			name = Release;
		};
		1E480DD81859C4540052A2F2 /* Debug */ = {
			isa = XCBuildConfiguration;
			buildSettings = {
				ALWAYS_SEARCH_USER_PATHS = YES;
				ARCHS = "$(ARCHS_STANDARD)";
				CLANG_CXX_LANGUAGE_STANDARD = "compiler-default";
				CLANG_CXX_LIBRARY = "compiler-default";
				CLANG_ENABLE_MODULES = NO;
				CLANG_ENABLE_OBJC_ARC = NO;
				CODE_SIGN_IDENTITY = "iPhone Developer";
				CODE_SIGN_STYLE = Automatic;
				COMPRESS_PNG_FILES = NO;
				DEVELOPMENT_TEAM = 5FH2J53M7P;
				GCC_PRECOMPILE_PREFIX_HEADER = YES;
				GCC_PREFIX_HEADER = "hspproj/hspproj-Prefix.pch";
				GCC_PREPROCESSOR_DEFINITIONS = (
					"DEBUG=1",
					HSPIOS,
					HSPDISH,
					HSPEMBED,
					USE_OBAQ,
				);
				HEADER_SEARCH_PATHS = "${SRCROOT}/hspproj/";
				INFOPLIST_FILE = "hspproj/hspproj-Info.plist";
				IPHONEOS_DEPLOYMENT_TARGET = 10.0;
				LIBRARY_SEARCH_PATHS = "";
				ONLY_ACTIVE_ARCH = YES;
				PRODUCT_BUNDLE_IDENTIFIER = onionsoftware.hsptv.hspproj;
				PRODUCT_NAME = hspproj;
				PROVISIONING_PROFILE_SPECIFIER = "";
				TARGETED_DEVICE_FAMILY = "1,2";
				TVOS_DEPLOYMENT_TARGET = 12.0;
				VALID_ARCHS = "armv7 armv7s arm64";
				WRAPPER_EXTENSION = app;
			};
			name = Debug;
		};
		1E480DD91859C4540052A2F2 /* Release */ = {
			isa = XCBuildConfiguration;
			buildSettings = {
				ALWAYS_SEARCH_USER_PATHS = YES;
				ARCHS = "$(ARCHS_STANDARD)";
				CLANG_CXX_LANGUAGE_STANDARD = "compiler-default";
				CLANG_CXX_LIBRARY = "compiler-default";
				CLANG_ENABLE_MODULES = NO;
				CLANG_ENABLE_OBJC_ARC = NO;
				CODE_SIGN_IDENTITY = "iPhone Developer";
				CODE_SIGN_STYLE = Automatic;
				COMPRESS_PNG_FILES = NO;
				DEVELOPMENT_TEAM = 5FH2J53M7P;
				GCC_PRECOMPILE_PREFIX_HEADER = YES;
				GCC_PREFIX_HEADER = "hspproj/hspproj-Prefix.pch";
				GCC_PREPROCESSOR_DEFINITIONS = (
					USE_OBAQ,
					HSPEMBED,
					HSPDISH,
					HSPIOS,
				);
				HEADER_SEARCH_PATHS = "${SRCROOT}/hspproj/";
				INFOPLIST_FILE = "hspproj/hspproj-Info.plist";
				IPHONEOS_DEPLOYMENT_TARGET = 10.0;
				LIBRARY_SEARCH_PATHS = "";
				ONLY_ACTIVE_ARCH = YES;
				PRODUCT_BUNDLE_IDENTIFIER = onionsoftware.hsptv.hspproj;
				PRODUCT_NAME = hspproj;
				PROVISIONING_PROFILE_SPECIFIER = "";
				TARGETED_DEVICE_FAMILY = "1,2";
				TVOS_DEPLOYMENT_TARGET = 12.0;
				VALID_ARCHS = "armv7 armv7s arm64";
				WRAPPER_EXTENSION = app;
			};
			name = Release;
		};
/* End XCBuildConfiguration section */

/* Begin XCConfigurationList section */
		1E480DA61859C4540052A2F2 /* Build configuration list for PBXProject "hspproj" */ = {
			isa = XCConfigurationList;
			buildConfigurations = (
				1E480DD51859C4540052A2F2 /* Debug */,
				1E480DD61859C4540052A2F2 /* Release */,
			);
			defaultConfigurationIsVisible = 0;
			defaultConfigurationName = Release;
		};
		1E480DD71859C4540052A2F2 /* Build configuration list for PBXNativeTarget "hspproj" */ = {
			isa = XCConfigurationList;
			buildConfigurations = (
				1E480DD81859C4540052A2F2 /* Debug */,
				1E480DD91859C4540052A2F2 /* Release */,
			);
			defaultConfigurationIsVisible = 0;
			defaultConfigurationName = Release;
		};
/* End XCConfigurationList section */
	};
	rootObject = 1E480DA31859C4540052A2F2 /* Project object */;
}
